// !$*UTF8*$!
{
	archiveVersion = 1;
	classes = {
	};
	objectVersion = 46;
	objects = {

/* Begin PBXBuildFile section */
		A54746671CA6992400FED4E8 /* UIColor+AppColors.m in Sources */ = {isa = PBXBuildFile; fileRef = A54746661CA6992400FED4E8 /* UIColor+AppColors.m */; };
		A547466A1CA6A71200FED4E8 /* StatusInfoView.m in Sources */ = {isa = PBXBuildFile; fileRef = A54746691CA6A71200FED4E8 /* StatusInfoView.m */; };
		A547466C1CA6A8E000FED4E8 /* StatusInfoView.xib in Resources */ = {isa = PBXBuildFile; fileRef = A547466B1CA6A8E000FED4E8 /* StatusInfoView.xib */; };
		A547466F1CA6D9F800FED4E8 /* LabelWithLoading.m in Sources */ = {isa = PBXBuildFile; fileRef = A547466E1CA6D9F800FED4E8 /* LabelWithLoading.m */; };
		A54746771CA7012E00FED4E8 /* Label+MenuCellDataSource.m in Sources */ = {isa = PBXBuildFile; fileRef = A54746761CA7012E00FED4E8 /* Label+MenuCellDataSource.m */; };
		A547467B1CA7021000FED4E8 /* MenuSectionHeader.m in Sources */ = {isa = PBXBuildFile; fileRef = A547467A1CA7021000FED4E8 /* MenuSectionHeader.m */; };
		A547467D1CA7021B00FED4E8 /* MenuSectionHeader.xib in Resources */ = {isa = PBXBuildFile; fileRef = A547467C1CA7021B00FED4E8 /* MenuSectionHeader.xib */; };
		A5850BEF1C94689C00527CD8 /* main.m in Sources */ = {isa = PBXBuildFile; fileRef = A5850BEE1C94689C00527CD8 /* main.m */; };
		A5850BF21C94689C00527CD8 /* AppDelegate.m in Sources */ = {isa = PBXBuildFile; fileRef = A5850BF11C94689C00527CD8 /* AppDelegate.m */; };
		A5850BF51C94689C00527CD8 /* SignInVC.m in Sources */ = {isa = PBXBuildFile; fileRef = A5850BF41C94689C00527CD8 /* SignInVC.m */; };
		A5850BF81C94689C00527CD8 /* Main.storyboard in Resources */ = {isa = PBXBuildFile; fileRef = A5850BF61C94689C00527CD8 /* Main.storyboard */; };
		A5850BFA1C94689C00527CD8 /* Assets.xcassets in Resources */ = {isa = PBXBuildFile; fileRef = A5850BF91C94689C00527CD8 /* Assets.xcassets */; };
		A5850BFD1C94689C00527CD8 /* LaunchScreen.storyboard in Resources */ = {isa = PBXBuildFile; fileRef = A5850BFB1C94689C00527CD8 /* LaunchScreen.storyboard */; };
		A5850C2A1C94707700527CD8 /* AFNetworking.framework in Frameworks */ = {isa = PBXBuildFile; fileRef = A5850C251C94707700527CD8 /* AFNetworking.framework */; };
		A5850C2B1C94707700527CD8 /* AFNetworking.framework in Embed Frameworks */ = {isa = PBXBuildFile; fileRef = A5850C251C94707700527CD8 /* AFNetworking.framework */; settings = {ATTRIBUTES = (CodeSignOnCopy, RemoveHeadersOnCopy, ); }; };
		A590EBA71C95847600CB28AF /* cartfile in Resources */ = {isa = PBXBuildFile; fileRef = A590EBA61C95847600CB28AF /* cartfile */; };
		A590EBAB1C9585CF00CB28AF /* Kiwi.framework in Frameworks */ = {isa = PBXBuildFile; fileRef = A590EBA81C9585C700CB28AF /* Kiwi.framework */; };
		A5B9C3621C94967400C976D4 /* GoogleSignIn.framework in Frameworks */ = {isa = PBXBuildFile; fileRef = A5B9C3531C9494C000C976D4 /* GoogleSignIn.framework */; };
		A5B9C3631C94967D00C976D4 /* GoogleSignIn.bundle in Resources */ = {isa = PBXBuildFile; fileRef = A5B9C3571C9494DF00C976D4 /* GoogleSignIn.bundle */; };
		A5B9C3651C9496A200C976D4 /* AddressBook.framework in Frameworks */ = {isa = PBXBuildFile; fileRef = A5B9C3641C9496A200C976D4 /* AddressBook.framework */; };
		A5B9C3671C9496A700C976D4 /* SafariServices.framework in Frameworks */ = {isa = PBXBuildFile; fileRef = A5B9C3661C9496A700C976D4 /* SafariServices.framework */; };
		A5B9C3691C9496AD00C976D4 /* StoreKit.framework in Frameworks */ = {isa = PBXBuildFile; fileRef = A5B9C3681C9496AD00C976D4 /* StoreKit.framework */; };
		A5B9C36B1C9496B300C976D4 /* SystemConfiguration.framework in Frameworks */ = {isa = PBXBuildFile; fileRef = A5B9C36A1C9496B300C976D4 /* SystemConfiguration.framework */; };
		A5B9C36C1C94976100C976D4 /* GoogleService-Info.plist in Resources */ = {isa = PBXBuildFile; fileRef = A5B9C3561C9494DF00C976D4 /* GoogleService-Info.plist */; };
		A5B9C36F1C94B97300C976D4 /* APICommunicator.m in Sources */ = {isa = PBXBuildFile; fileRef = A5B9C36E1C94B97300C976D4 /* APICommunicator.m */; };
		A5B9C3781C95FEEF00C976D4 /* CoreDataStackTests.m in Sources */ = {isa = PBXBuildFile; fileRef = A5B9C3771C95FEEF00C976D4 /* CoreDataStackTests.m */; };
		A5B9C37B1C95FF5400C976D4 /* CoreDataStack.m in Sources */ = {isa = PBXBuildFile; fileRef = A5B9C37A1C95FF5400C976D4 /* CoreDataStack.m */; };
		A5B9C37E1C96033100C976D4 /* InVisionMail.xcdatamodeld in Sources */ = {isa = PBXBuildFile; fileRef = A5B9C37C1C96033100C976D4 /* InVisionMail.xcdatamodeld */; };
		A5B9C3811C960D0D00C976D4 /* InboxVCTests.m in Sources */ = {isa = PBXBuildFile; fileRef = A5B9C3801C960D0D00C976D4 /* InboxVCTests.m */; };
		A5B9C3841C960E0400C976D4 /* InboxVC.m in Sources */ = {isa = PBXBuildFile; fileRef = A5B9C3831C960E0400C976D4 /* InboxVC.m */; };
		A5B9C3871C96125700C976D4 /* MessageTests.m in Sources */ = {isa = PBXBuildFile; fileRef = A5B9C3861C96125700C976D4 /* MessageTests.m */; };
		A5B9C38A1C96164400C976D4 /* Message.m in Sources */ = {isa = PBXBuildFile; fileRef = A5B9C3891C96164400C976D4 /* Message.m */; };
		A5B9C3951C961B5E00C976D4 /* NSManagedObject+Helpers.m in Sources */ = {isa = PBXBuildFile; fileRef = A5B9C3941C961B5E00C976D4 /* NSManagedObject+Helpers.m */; };
		A5B9C3981C961C2D00C976D4 /* CoreDataHelpersTests.m in Sources */ = {isa = PBXBuildFile; fileRef = A5B9C3971C961C2D00C976D4 /* CoreDataHelpersTests.m */; };
		A5B9C39C1C961FD400C976D4 /* TestCoreDataStack.m in Sources */ = {isa = PBXBuildFile; fileRef = A5B9C39B1C961FD400C976D4 /* TestCoreDataStack.m */; };
		A5B9C3A21C973F0600C976D4 /* AppStateTests.m in Sources */ = {isa = PBXBuildFile; fileRef = A5B9C3A11C973F0600C976D4 /* AppStateTests.m */; };
		A5B9C3A61C9742A900C976D4 /* AppState.m in Sources */ = {isa = PBXBuildFile; fileRef = A5B9C3A51C9742A900C976D4 /* AppState.m */; };
		A5B9C3A91C9742E100C976D4 /* AccessTokenProvider.m in Sources */ = {isa = PBXBuildFile; fileRef = A5B9C3A81C9742E100C976D4 /* AccessTokenProvider.m */; };
		A5B9C3AC1C974DE800C976D4 /* NetworkCommunicator.m in Sources */ = {isa = PBXBuildFile; fileRef = A5B9C3AB1C974DE800C976D4 /* NetworkCommunicator.m */; };
		A5B9C3B01C9756B000C976D4 /* NetworkCommunicatorTests.m in Sources */ = {isa = PBXBuildFile; fileRef = A5B9C3AF1C9756B000C976D4 /* NetworkCommunicatorTests.m */; };
		A5B9C3B21C9759AD00C976D4 /* APICommunicatorTests.m in Sources */ = {isa = PBXBuildFile; fileRef = A5B9C3B11C9759AD00C976D4 /* APICommunicatorTests.m */; };
		A5B9C3B41C97641D00C976D4 /* Kiwi.framework in CopyFiles */ = {isa = PBXBuildFile; fileRef = A590EBA81C9585C700CB28AF /* Kiwi.framework */; settings = {ATTRIBUTES = (CodeSignOnCopy, RemoveHeadersOnCopy, ); }; };
		A5B9C3B61C99EEA300C976D4 /* SignInVCTests.m in Sources */ = {isa = PBXBuildFile; fileRef = A5B9C3B51C99EEA300C976D4 /* SignInVCTests.m */; };
		A5B9C3B91C99EF6600C976D4 /* GoogleService-Info.plist in Resources */ = {isa = PBXBuildFile; fileRef = A5B9C3561C9494DF00C976D4 /* GoogleService-Info.plist */; };
		A5B9C3BA1C99F04800C976D4 /* SystemConfiguration.framework in Frameworks */ = {isa = PBXBuildFile; fileRef = A5B9C36A1C9496B300C976D4 /* SystemConfiguration.framework */; };
		A5B9C3BB1C99F04800C976D4 /* StoreKit.framework in Frameworks */ = {isa = PBXBuildFile; fileRef = A5B9C3681C9496AD00C976D4 /* StoreKit.framework */; };
		A5B9C3BC1C99F04800C976D4 /* SafariServices.framework in Frameworks */ = {isa = PBXBuildFile; fileRef = A5B9C3661C9496A700C976D4 /* SafariServices.framework */; };
		A5B9C3BD1C99F04800C976D4 /* AddressBook.framework in Frameworks */ = {isa = PBXBuildFile; fileRef = A5B9C3641C9496A200C976D4 /* AddressBook.framework */; };
		A5B9C3BE1C99F04800C976D4 /* GoogleSignIn.framework in Frameworks */ = {isa = PBXBuildFile; fileRef = A5B9C3531C9494C000C976D4 /* GoogleSignIn.framework */; };
		A5B9C3BF1C99F04800C976D4 /* AFNetworking.framework in Frameworks */ = {isa = PBXBuildFile; fileRef = A5850C251C94707700527CD8 /* AFNetworking.framework */; };
		A5B9C3C01C99F04C00C976D4 /* GoogleSignIn.bundle in Resources */ = {isa = PBXBuildFile; fileRef = A5B9C3571C9494DF00C976D4 /* GoogleSignIn.bundle */; };
		A5B9C3C41C99F87A00C976D4 /* TestingAppDelegate.m in Sources */ = {isa = PBXBuildFile; fileRef = A5B9C3C31C99F87A00C976D4 /* TestingAppDelegate.m */; };
		A5B9C3C81C9A06EC00C976D4 /* MessageListCell.m in Sources */ = {isa = PBXBuildFile; fileRef = A5B9C3C71C9A06EC00C976D4 /* MessageListCell.m */; };
		A5B9C3CA1C9A06FC00C976D4 /* MessageListCell.xib in Resources */ = {isa = PBXBuildFile; fileRef = A5B9C3C91C9A06FC00C976D4 /* MessageListCell.xib */; };
		A5B9C3CC1C9A079100C976D4 /* MessageListCellTests.m in Sources */ = {isa = PBXBuildFile; fileRef = A5B9C3CB1C9A079100C976D4 /* MessageListCellTests.m */; };
		A5B9C3D31C9B383200C976D4 /* InboxTableViewDataSource.m in Sources */ = {isa = PBXBuildFile; fileRef = A5B9C3D21C9B383200C976D4 /* InboxTableViewDataSource.m */; };
		A5B9C3D51C9B384600C976D4 /* InboxTableViewDataSourceTests.m in Sources */ = {isa = PBXBuildFile; fileRef = A5B9C3D41C9B384600C976D4 /* InboxTableViewDataSourceTests.m */; };
		A5B9C3D71C9B4C3C00C976D4 /* UITableViewCell+HelpersTests.m in Sources */ = {isa = PBXBuildFile; fileRef = A5B9C3D61C9B4C3C00C976D4 /* UITableViewCell+HelpersTests.m */; };
		A5B9C3DA1C9B4C5700C976D4 /* UITableViewCell+Helpers.m in Sources */ = {isa = PBXBuildFile; fileRef = A5B9C3D91C9B4C5700C976D4 /* UITableViewCell+Helpers.m */; };
		A5B9C3DD1C9B4CBA00C976D4 /* DummyCell.m in Sources */ = {isa = PBXBuildFile; fileRef = A5B9C3DC1C9B4CBA00C976D4 /* DummyCell.m */; };
		A5B9C3DF1C9B4E3A00C976D4 /* DummyCell.xib in Resources */ = {isa = PBXBuildFile; fileRef = A5B9C3DE1C9B4E3A00C976D4 /* DummyCell.xib */; };
		A5B9C3E21C9B538800C976D4 /* Message+MessageListCellDataSource.m in Sources */ = {isa = PBXBuildFile; fileRef = A5B9C3E11C9B538800C976D4 /* Message+MessageListCellDataSource.m */; };
		A5B9C3E51C9BD6B200C976D4 /* Message+MessageListCellDataSourceTests.m in Sources */ = {isa = PBXBuildFile; fileRef = A5B9C3E41C9BD6B200C976D4 /* Message+MessageListCellDataSourceTests.m */; };
		A5B9C3E81C9BD92D00C976D4 /* NSString+RemoveSubstring.m in Sources */ = {isa = PBXBuildFile; fileRef = A5B9C3E71C9BD92D00C976D4 /* NSString+RemoveSubstring.m */; };
		A5B9C3EA1C9BD95400C976D4 /* NSString+RemoveSubstringTests.m in Sources */ = {isa = PBXBuildFile; fileRef = A5B9C3E91C9BD95400C976D4 /* NSString+RemoveSubstringTests.m */; };
		A5B9C3ED1C9DC58200C976D4 /* NSDate+Helpers.m in Sources */ = {isa = PBXBuildFile; fileRef = A5B9C3EC1C9DC58200C976D4 /* NSDate+Helpers.m */; };
		A5B9C3EF1C9DC5FB00C976D4 /* NSDateHelpersTests.m in Sources */ = {isa = PBXBuildFile; fileRef = A5B9C3EE1C9DC5FB00C976D4 /* NSDateHelpersTests.m */; };
		A5B9C3F21C9DCAAA00C976D4 /* MessageTimeFormatter.m in Sources */ = {isa = PBXBuildFile; fileRef = A5B9C3F11C9DCAAA00C976D4 /* MessageTimeFormatter.m */; };
		A5B9C3F41C9DCB9C00C976D4 /* MessageTimeFormatterTests.m in Sources */ = {isa = PBXBuildFile; fileRef = A5B9C3F31C9DCB9C00C976D4 /* MessageTimeFormatterTests.m */; };
		A5B9C3F71CA03FF300C976D4 /* DrawerVCTests.m in Sources */ = {isa = PBXBuildFile; fileRef = A5B9C3F61CA03FF300C976D4 /* DrawerVCTests.m */; };
		A5B9C3FA1CA040D100C976D4 /* DrawerVC.m in Sources */ = {isa = PBXBuildFile; fileRef = A5B9C3F91CA040D100C976D4 /* DrawerVC.m */; };
		A5B9C3FD1CA0482000C976D4 /* MenuVC.m in Sources */ = {isa = PBXBuildFile; fileRef = A5B9C3FC1CA0482000C976D4 /* MenuVC.m */; };
		A5D278AA1CA5ABFB00205451 /* RoundedImageView.m in Sources */ = {isa = PBXBuildFile; fileRef = A5D278A91CA5ABFB00205451 /* RoundedImageView.m */; };
		A5D278AD1CA5ACA900205451 /* RoundedView.m in Sources */ = {isa = PBXBuildFile; fileRef = A5D278AC1CA5ACA900205451 /* RoundedView.m */; };
		A5D278B01CA5B28900205451 /* TimestampLabel.m in Sources */ = {isa = PBXBuildFile; fileRef = A5D278AF1CA5B28900205451 /* TimestampLabel.m */; };
		A5EBDFD71CA16E32009AEB4D /* UIViewController+Animations.m in Sources */ = {isa = PBXBuildFile; fileRef = A5EBDFD61CA16E32009AEB4D /* UIViewController+Animations.m */; };
		A5EBDFDA1CA18187009AEB4D /* TestTapGestureRecognizer.m in Sources */ = {isa = PBXBuildFile; fileRef = A5EBDFD91CA18187009AEB4D /* TestTapGestureRecognizer.m */; };
		A5EBDFDD1CA18F46009AEB4D /* TestPanGestureRecognizer.m in Sources */ = {isa = PBXBuildFile; fileRef = A5EBDFDC1CA18F46009AEB4D /* TestPanGestureRecognizer.m */; };
		A5EBDFE01CA193A0009AEB4D /* UIGestureRecognizer+Cancel.m in Sources */ = {isa = PBXBuildFile; fileRef = A5EBDFDF1CA193A0009AEB4D /* UIGestureRecognizer+Cancel.m */; };
		A5EBDFE21CA1B40B009AEB4D /* LabelTests.m in Sources */ = {isa = PBXBuildFile; fileRef = A5EBDFE11CA1B40B009AEB4D /* LabelTests.m */; };
		A5EBDFE51CA1B48C009AEB4D /* Label.m in Sources */ = {isa = PBXBuildFile; fileRef = A5EBDFE41CA1B48C009AEB4D /* Label.m */; };
		A5EBDFE91CA1BFB1009AEB4D /* MenuVCTests.m in Sources */ = {isa = PBXBuildFile; fileRef = A5EBDFE81CA1BFB1009AEB4D /* MenuVCTests.m */; };
		A5EBDFEB1CA1C215009AEB4D /* MenuTableViewDataSourceTests.m in Sources */ = {isa = PBXBuildFile; fileRef = A5EBDFEA1CA1C215009AEB4D /* MenuTableViewDataSourceTests.m */; };
		A5EBDFEE1CA1C9A2009AEB4D /* TableViewDataSource.m in Sources */ = {isa = PBXBuildFile; fileRef = A5EBDFED1CA1C9A2009AEB4D /* TableViewDataSource.m */; };
		A5EBDFF11CA1EB5E009AEB4D /* MenuTableViewDatasource.m in Sources */ = {isa = PBXBuildFile; fileRef = A5EBDFF01CA1EB5E009AEB4D /* MenuTableViewDatasource.m */; };
		A5EBDFF41CA1EBDF009AEB4D /* MenuCell.m in Sources */ = {isa = PBXBuildFile; fileRef = A5EBDFF31CA1EBDF009AEB4D /* MenuCell.m */; };
		A5EBDFF61CA1EBE8009AEB4D /* MenuCell.xib in Resources */ = {isa = PBXBuildFile; fileRef = A5EBDFF51CA1EBE8009AEB4D /* MenuCell.xib */; };
		A5EBDFF81CA1EC0F009AEB4D /* MenuCellTests.m in Sources */ = {isa = PBXBuildFile; fileRef = A5EBDFF71CA1EC0F009AEB4D /* MenuCellTests.m */; };
		A5EBDFFA1CA2A326009AEB4D /* InfoPlistTests.m in Sources */ = {isa = PBXBuildFile; fileRef = A5EBDFF91CA2A326009AEB4D /* InfoPlistTests.m */; };
		A5EBE0041CA2E3F5009AEB4D /* MainSplitVC.m in Sources */ = {isa = PBXBuildFile; fileRef = A5EBE0031CA2E3F5009AEB4D /* MainSplitVC.m */; };
		A5EBE0071CA2E41B009AEB4D /* MainSplitVCTests.m in Sources */ = {isa = PBXBuildFile; fileRef = A5EBE0061CA2E41B009AEB4D /* MainSplitVCTests.m */; };
		A5EBE00A1CA2E946009AEB4D /* MessageDetailVC.m in Sources */ = {isa = PBXBuildFile; fileRef = A5EBE0091CA2E946009AEB4D /* MessageDetailVC.m */; };
		A5EBE0111CA2EB88009AEB4D /* MessageDetailTableViewDataSource.m in Sources */ = {isa = PBXBuildFile; fileRef = A5EBE0101CA2EB88009AEB4D /* MessageDetailTableViewDataSource.m */; };
		A5EBE0131CA2EC99009AEB4D /* MessageDetailTableViewDataSourceTests.m in Sources */ = {isa = PBXBuildFile; fileRef = A5EBE0121CA2EC99009AEB4D /* MessageDetailTableViewDataSourceTests.m */; };
		A5EBE0151CA2EDC5009AEB4D /* MessageDetailVCTests.m in Sources */ = {isa = PBXBuildFile; fileRef = A5EBE0141CA2EDC5009AEB4D /* MessageDetailVCTests.m */; };
		A5EBE0171CA2EF84009AEB4D /* SubjectHeaderView.xib in Resources */ = {isa = PBXBuildFile; fileRef = A5EBE0161CA2EF84009AEB4D /* SubjectHeaderView.xib */; };
		A5EBE01A1CA2EFDE009AEB4D /* SubjectHeaderView.m in Sources */ = {isa = PBXBuildFile; fileRef = A5EBE0191CA2EFDE009AEB4D /* SubjectHeaderView.m */; };
		A5EBE01C1CA2EFFE009AEB4D /* SubjectHeaderViewTests.m in Sources */ = {isa = PBXBuildFile; fileRef = A5EBE01B1CA2EFFE009AEB4D /* SubjectHeaderViewTests.m */; };
		A5F2BC221CA438690021EC03 /* MessageDetailPreviewCell.m in Sources */ = {isa = PBXBuildFile; fileRef = A5F2BC201CA438690021EC03 /* MessageDetailPreviewCell.m */; };
		A5F2BC231CA438690021EC03 /* MessageDetailPreviewCell.xib in Resources */ = {isa = PBXBuildFile; fileRef = A5F2BC211CA438690021EC03 /* MessageDetailPreviewCell.xib */; };
		A5F2BC251CA4388E0021EC03 /* MessageDetailPreviewCellTests.m in Sources */ = {isa = PBXBuildFile; fileRef = A5F2BC241CA4388E0021EC03 /* MessageDetailPreviewCellTests.m */; };
		A5F2BC331CA535C80021EC03 /* NSString+Base64URL.m in Sources */ = {isa = PBXBuildFile; fileRef = A5F2BC321CA535C80021EC03 /* NSString+Base64URL.m */; };
		A5F2BC351CA538490021EC03 /* NSString+Base64URLTests.m in Sources */ = {isa = PBXBuildFile; fileRef = A5F2BC341CA538490021EC03 /* NSString+Base64URLTests.m */; };
		A5F2BC381CA5838D0021EC03 /* Message+MessageDetailPreviewCellDataSource.m in Sources */ = {isa = PBXBuildFile; fileRef = A5F2BC371CA5838C0021EC03 /* Message+MessageDetailPreviewCellDataSource.m */; };
		A5F2BC3A1CA583E90021EC03 /* Message+MessageDetailPreviewCellDataSourceTests.m in Sources */ = {isa = PBXBuildFile; fileRef = A5F2BC391CA583E80021EC03 /* Message+MessageDetailPreviewCellDataSourceTests.m */; };
		A5F2BC3F1CA5A3A00021EC03 /* UIFont+AppFonts.m in Sources */ = {isa = PBXBuildFile; fileRef = A5F2BC3E1CA5A3A00021EC03 /* UIFont+AppFonts.m */; };
/* End PBXBuildFile section */

/* Begin PBXContainerItemProxy section */
		A5850C041C94689C00527CD8 /* PBXContainerItemProxy */ = {
			isa = PBXContainerItemProxy;
			containerPortal = A5850BE21C94689C00527CD8 /* Project object */;
			proxyType = 1;
			remoteGlobalIDString = A5850BE91C94689C00527CD8;
			remoteInfo = InVisionMail;
		};
/* End PBXContainerItemProxy section */

/* Begin PBXCopyFilesBuildPhase section */
		A5850C181C946FB000527CD8 /* CopyFiles */ = {
			isa = PBXCopyFilesBuildPhase;
			buildActionMask = 2147483647;
			dstPath = "";
			dstSubfolderSpec = 10;
			files = (
			);
			runOnlyForDeploymentPostprocessing = 0;
		};
		A5850C2C1C94707700527CD8 /* Embed Frameworks */ = {
			isa = PBXCopyFilesBuildPhase;
			buildActionMask = 2147483647;
			dstPath = "";
			dstSubfolderSpec = 10;
			files = (
				A5850C2B1C94707700527CD8 /* AFNetworking.framework in Embed Frameworks */,
			);
			name = "Embed Frameworks";
			runOnlyForDeploymentPostprocessing = 0;
		};
		A590EBAC1C9585E100CB28AF /* CopyFiles */ = {
			isa = PBXCopyFilesBuildPhase;
			buildActionMask = 2147483647;
			dstPath = "";
			dstSubfolderSpec = 10;
			files = (
				A5B9C3B41C97641D00C976D4 /* Kiwi.framework in CopyFiles */,
			);
			runOnlyForDeploymentPostprocessing = 0;
		};
/* End PBXCopyFilesBuildPhase section */

/* Begin PBXFileReference section */
		A54746651CA6992400FED4E8 /* UIColor+AppColors.h */ = {isa = PBXFileReference; fileEncoding = 4; lastKnownFileType = sourcecode.c.h; path = "UIColor+AppColors.h"; sourceTree = "<group>"; };
		A54746661CA6992400FED4E8 /* UIColor+AppColors.m */ = {isa = PBXFileReference; fileEncoding = 4; lastKnownFileType = sourcecode.c.objc; path = "UIColor+AppColors.m"; sourceTree = "<group>"; };
		A54746681CA6A71200FED4E8 /* StatusInfoView.h */ = {isa = PBXFileReference; fileEncoding = 4; lastKnownFileType = sourcecode.c.h; path = StatusInfoView.h; sourceTree = "<group>"; };
		A54746691CA6A71200FED4E8 /* StatusInfoView.m */ = {isa = PBXFileReference; fileEncoding = 4; lastKnownFileType = sourcecode.c.objc; path = StatusInfoView.m; sourceTree = "<group>"; };
		A547466B1CA6A8E000FED4E8 /* StatusInfoView.xib */ = {isa = PBXFileReference; fileEncoding = 4; lastKnownFileType = file.xib; path = StatusInfoView.xib; sourceTree = "<group>"; };
		A547466D1CA6D9F800FED4E8 /* LabelWithLoading.h */ = {isa = PBXFileReference; fileEncoding = 4; lastKnownFileType = sourcecode.c.h; path = LabelWithLoading.h; sourceTree = "<group>"; };
		A547466E1CA6D9F800FED4E8 /* LabelWithLoading.m */ = {isa = PBXFileReference; fileEncoding = 4; lastKnownFileType = sourcecode.c.objc; path = LabelWithLoading.m; sourceTree = "<group>"; };
		A54746751CA7012E00FED4E8 /* Label+MenuCellDataSource.h */ = {isa = PBXFileReference; fileEncoding = 4; lastKnownFileType = sourcecode.c.h; path = "Label+MenuCellDataSource.h"; sourceTree = "<group>"; };
		A54746761CA7012E00FED4E8 /* Label+MenuCellDataSource.m */ = {isa = PBXFileReference; fileEncoding = 4; lastKnownFileType = sourcecode.c.objc; path = "Label+MenuCellDataSource.m"; sourceTree = "<group>"; };
		A54746791CA7021000FED4E8 /* MenuSectionHeader.h */ = {isa = PBXFileReference; fileEncoding = 4; lastKnownFileType = sourcecode.c.h; path = MenuSectionHeader.h; sourceTree = "<group>"; };
		A547467A1CA7021000FED4E8 /* MenuSectionHeader.m */ = {isa = PBXFileReference; fileEncoding = 4; lastKnownFileType = sourcecode.c.objc; path = MenuSectionHeader.m; sourceTree = "<group>"; };
		A547467C1CA7021B00FED4E8 /* MenuSectionHeader.xib */ = {isa = PBXFileReference; fileEncoding = 4; lastKnownFileType = file.xib; path = MenuSectionHeader.xib; sourceTree = "<group>"; };
		A5850BEA1C94689C00527CD8 /* InVisionMail.app */ = {isa = PBXFileReference; explicitFileType = wrapper.application; includeInIndex = 0; path = InVisionMail.app; sourceTree = BUILT_PRODUCTS_DIR; };
		A5850BEE1C94689C00527CD8 /* main.m */ = {isa = PBXFileReference; lastKnownFileType = sourcecode.c.objc; path = main.m; sourceTree = "<group>"; };
		A5850BF01C94689C00527CD8 /* AppDelegate.h */ = {isa = PBXFileReference; lastKnownFileType = sourcecode.c.h; path = AppDelegate.h; sourceTree = "<group>"; };
		A5850BF11C94689C00527CD8 /* AppDelegate.m */ = {isa = PBXFileReference; lastKnownFileType = sourcecode.c.objc; path = AppDelegate.m; sourceTree = "<group>"; };
		A5850BF31C94689C00527CD8 /* SignInVC.h */ = {isa = PBXFileReference; lastKnownFileType = sourcecode.c.h; path = SignInVC.h; sourceTree = "<group>"; };
		A5850BF41C94689C00527CD8 /* SignInVC.m */ = {isa = PBXFileReference; lastKnownFileType = sourcecode.c.objc; path = SignInVC.m; sourceTree = "<group>"; };
		A5850BF71C94689C00527CD8 /* Base */ = {isa = PBXFileReference; lastKnownFileType = file.storyboard; name = Base; path = Base.lproj/Main.storyboard; sourceTree = "<group>"; };
		A5850BF91C94689C00527CD8 /* Assets.xcassets */ = {isa = PBXFileReference; lastKnownFileType = folder.assetcatalog; path = Assets.xcassets; sourceTree = "<group>"; };
		A5850BFC1C94689C00527CD8 /* Base */ = {isa = PBXFileReference; lastKnownFileType = file.storyboard; name = Base; path = Base.lproj/LaunchScreen.storyboard; sourceTree = "<group>"; };
		A5850BFE1C94689C00527CD8 /* Info.plist */ = {isa = PBXFileReference; lastKnownFileType = text.plist.xml; path = Info.plist; sourceTree = "<group>"; };
		A5850C031C94689C00527CD8 /* InVisionMailTests.xctest */ = {isa = PBXFileReference; explicitFileType = wrapper.cfbundle; includeInIndex = 0; path = InVisionMailTests.xctest; sourceTree = BUILT_PRODUCTS_DIR; };
		A5850C091C94689C00527CD8 /* Info.plist */ = {isa = PBXFileReference; lastKnownFileType = text.plist.xml; path = Info.plist; sourceTree = "<group>"; };
		A5850C251C94707700527CD8 /* AFNetworking.framework */ = {isa = PBXFileReference; lastKnownFileType = wrapper.framework; name = AFNetworking.framework; path = ../Carthage/Build/iOS/AFNetworking.framework; sourceTree = "<group>"; };
		A5850C2E1C9471BF00527CD8 /* InVisionMailTests-Bridging-Header.h */ = {isa = PBXFileReference; lastKnownFileType = sourcecode.c.h; path = "InVisionMailTests-Bridging-Header.h"; sourceTree = "<group>"; };
		A590EBA61C95847600CB28AF /* cartfile */ = {isa = PBXFileReference; fileEncoding = 4; lastKnownFileType = text; path = cartfile; sourceTree = SOURCE_ROOT; };
		A590EBA81C9585C700CB28AF /* Kiwi.framework */ = {isa = PBXFileReference; lastKnownFileType = wrapper.framework; name = Kiwi.framework; path = ../Carthage/Build/iOS/Kiwi.framework; sourceTree = "<group>"; };
		A5B9C3531C9494C000C976D4 /* GoogleSignIn.framework */ = {isa = PBXFileReference; lastKnownFileType = wrapper.framework; path = GoogleSignIn.framework; sourceTree = "<group>"; };
		A5B9C3561C9494DF00C976D4 /* GoogleService-Info.plist */ = {isa = PBXFileReference; fileEncoding = 4; lastKnownFileType = text.plist.xml; path = "GoogleService-Info.plist"; sourceTree = "<group>"; };
		A5B9C3571C9494DF00C976D4 /* GoogleSignIn.bundle */ = {isa = PBXFileReference; lastKnownFileType = "wrapper.plug-in"; path = GoogleSignIn.bundle; sourceTree = "<group>"; };
		A5B9C3641C9496A200C976D4 /* AddressBook.framework */ = {isa = PBXFileReference; lastKnownFileType = wrapper.framework; name = AddressBook.framework; path = System/Library/Frameworks/AddressBook.framework; sourceTree = SDKROOT; };
		A5B9C3661C9496A700C976D4 /* SafariServices.framework */ = {isa = PBXFileReference; lastKnownFileType = wrapper.framework; name = SafariServices.framework; path = System/Library/Frameworks/SafariServices.framework; sourceTree = SDKROOT; };
		A5B9C3681C9496AD00C976D4 /* StoreKit.framework */ = {isa = PBXFileReference; lastKnownFileType = wrapper.framework; name = StoreKit.framework; path = System/Library/Frameworks/StoreKit.framework; sourceTree = SDKROOT; };
		A5B9C36A1C9496B300C976D4 /* SystemConfiguration.framework */ = {isa = PBXFileReference; lastKnownFileType = wrapper.framework; name = SystemConfiguration.framework; path = System/Library/Frameworks/SystemConfiguration.framework; sourceTree = SDKROOT; };
		A5B9C36D1C94B97300C976D4 /* APICommunicator.h */ = {isa = PBXFileReference; fileEncoding = 4; lastKnownFileType = sourcecode.c.h; path = APICommunicator.h; sourceTree = "<group>"; };
		A5B9C36E1C94B97300C976D4 /* APICommunicator.m */ = {isa = PBXFileReference; fileEncoding = 4; lastKnownFileType = sourcecode.c.objc; path = APICommunicator.m; sourceTree = "<group>"; };
		A5B9C3771C95FEEF00C976D4 /* CoreDataStackTests.m */ = {isa = PBXFileReference; fileEncoding = 4; lastKnownFileType = sourcecode.c.objc; path = CoreDataStackTests.m; sourceTree = "<group>"; };
		A5B9C3791C95FF5400C976D4 /* CoreDataStack.h */ = {isa = PBXFileReference; fileEncoding = 4; lastKnownFileType = sourcecode.c.h; path = CoreDataStack.h; sourceTree = "<group>"; };
		A5B9C37A1C95FF5400C976D4 /* CoreDataStack.m */ = {isa = PBXFileReference; fileEncoding = 4; lastKnownFileType = sourcecode.c.objc; path = CoreDataStack.m; sourceTree = "<group>"; };
		A5B9C37D1C96033100C976D4 /* InVisionMail.xcdatamodel */ = {isa = PBXFileReference; lastKnownFileType = wrapper.xcdatamodel; path = InVisionMail.xcdatamodel; sourceTree = "<group>"; };
		A5B9C3801C960D0D00C976D4 /* InboxVCTests.m */ = {isa = PBXFileReference; fileEncoding = 4; lastKnownFileType = sourcecode.c.objc; path = InboxVCTests.m; sourceTree = "<group>"; };
		A5B9C3821C960E0400C976D4 /* InboxVC.h */ = {isa = PBXFileReference; fileEncoding = 4; lastKnownFileType = sourcecode.c.h; path = InboxVC.h; sourceTree = "<group>"; };
		A5B9C3831C960E0400C976D4 /* InboxVC.m */ = {isa = PBXFileReference; fileEncoding = 4; lastKnownFileType = sourcecode.c.objc; path = InboxVC.m; sourceTree = "<group>"; };
		A5B9C3861C96125700C976D4 /* MessageTests.m */ = {isa = PBXFileReference; fileEncoding = 4; lastKnownFileType = sourcecode.c.objc; path = MessageTests.m; sourceTree = "<group>"; };
		A5B9C3881C96164400C976D4 /* Message.h */ = {isa = PBXFileReference; fileEncoding = 4; lastKnownFileType = sourcecode.c.h; path = Message.h; sourceTree = "<group>"; };
		A5B9C3891C96164400C976D4 /* Message.m */ = {isa = PBXFileReference; fileEncoding = 4; lastKnownFileType = sourcecode.c.objc; path = Message.m; sourceTree = "<group>"; };
		A5B9C3911C9617C900C976D4 /* JSONLoadable.h */ = {isa = PBXFileReference; fileEncoding = 4; lastKnownFileType = sourcecode.c.h; path = JSONLoadable.h; sourceTree = "<group>"; };
		A5B9C3931C961B5E00C976D4 /* NSManagedObject+Helpers.h */ = {isa = PBXFileReference; fileEncoding = 4; lastKnownFileType = sourcecode.c.h; path = "NSManagedObject+Helpers.h"; sourceTree = "<group>"; };
		A5B9C3941C961B5E00C976D4 /* NSManagedObject+Helpers.m */ = {isa = PBXFileReference; fileEncoding = 4; lastKnownFileType = sourcecode.c.objc; path = "NSManagedObject+Helpers.m"; sourceTree = "<group>"; };
		A5B9C3971C961C2D00C976D4 /* CoreDataHelpersTests.m */ = {isa = PBXFileReference; fileEncoding = 4; lastKnownFileType = sourcecode.c.objc; path = CoreDataHelpersTests.m; sourceTree = "<group>"; };
		A5B9C39A1C961FD400C976D4 /* TestCoreDataStack.h */ = {isa = PBXFileReference; fileEncoding = 4; lastKnownFileType = sourcecode.c.h; path = TestCoreDataStack.h; sourceTree = "<group>"; };
		A5B9C39B1C961FD400C976D4 /* TestCoreDataStack.m */ = {isa = PBXFileReference; fileEncoding = 4; lastKnownFileType = sourcecode.c.objc; path = TestCoreDataStack.m; sourceTree = "<group>"; };
		A5B9C3A11C973F0600C976D4 /* AppStateTests.m */ = {isa = PBXFileReference; fileEncoding = 4; lastKnownFileType = sourcecode.c.objc; path = AppStateTests.m; sourceTree = "<group>"; };
		A5B9C3A41C9742A900C976D4 /* AppState.h */ = {isa = PBXFileReference; fileEncoding = 4; lastKnownFileType = sourcecode.c.h; path = AppState.h; sourceTree = "<group>"; };
		A5B9C3A51C9742A900C976D4 /* AppState.m */ = {isa = PBXFileReference; fileEncoding = 4; lastKnownFileType = sourcecode.c.objc; path = AppState.m; sourceTree = "<group>"; };
		A5B9C3A71C9742E100C976D4 /* AccessTokenProvider.h */ = {isa = PBXFileReference; fileEncoding = 4; lastKnownFileType = sourcecode.c.h; path = AccessTokenProvider.h; sourceTree = "<group>"; };
		A5B9C3A81C9742E100C976D4 /* AccessTokenProvider.m */ = {isa = PBXFileReference; fileEncoding = 4; lastKnownFileType = sourcecode.c.objc; path = AccessTokenProvider.m; sourceTree = "<group>"; };
		A5B9C3AA1C974DE800C976D4 /* NetworkCommunicator.h */ = {isa = PBXFileReference; fileEncoding = 4; lastKnownFileType = sourcecode.c.h; path = NetworkCommunicator.h; sourceTree = "<group>"; };
		A5B9C3AB1C974DE800C976D4 /* NetworkCommunicator.m */ = {isa = PBXFileReference; fileEncoding = 4; lastKnownFileType = sourcecode.c.objc; path = NetworkCommunicator.m; sourceTree = "<group>"; };
		A5B9C3AD1C974FDC00C976D4 /* GmailAPISpecification.h */ = {isa = PBXFileReference; lastKnownFileType = sourcecode.c.h; path = GmailAPISpecification.h; sourceTree = "<group>"; };
		A5B9C3AF1C9756B000C976D4 /* NetworkCommunicatorTests.m */ = {isa = PBXFileReference; fileEncoding = 4; lastKnownFileType = sourcecode.c.objc; path = NetworkCommunicatorTests.m; sourceTree = "<group>"; };
		A5B9C3B11C9759AD00C976D4 /* APICommunicatorTests.m */ = {isa = PBXFileReference; fileEncoding = 4; lastKnownFileType = sourcecode.c.objc; path = APICommunicatorTests.m; sourceTree = "<group>"; };
		A5B9C3B51C99EEA300C976D4 /* SignInVCTests.m */ = {isa = PBXFileReference; fileEncoding = 4; lastKnownFileType = sourcecode.c.objc; path = SignInVCTests.m; sourceTree = "<group>"; };
		A5B9C3C11C99F6F400C976D4 /* Segues.h */ = {isa = PBXFileReference; lastKnownFileType = sourcecode.c.h; name = Segues.h; path = ../Helpers/Segues.h; sourceTree = "<group>"; };
		A5B9C3C21C99F87A00C976D4 /* TestingAppDelegate.h */ = {isa = PBXFileReference; fileEncoding = 4; lastKnownFileType = sourcecode.c.h; name = TestingAppDelegate.h; path = InVisionMail/TestingAppDelegate.h; sourceTree = SOURCE_ROOT; };
		A5B9C3C31C99F87A00C976D4 /* TestingAppDelegate.m */ = {isa = PBXFileReference; fileEncoding = 4; lastKnownFileType = sourcecode.c.objc; name = TestingAppDelegate.m; path = InVisionMail/TestingAppDelegate.m; sourceTree = SOURCE_ROOT; };
		A5B9C3C61C9A06EC00C976D4 /* MessageListCell.h */ = {isa = PBXFileReference; fileEncoding = 4; lastKnownFileType = sourcecode.c.h; path = MessageListCell.h; sourceTree = "<group>"; };
		A5B9C3C71C9A06EC00C976D4 /* MessageListCell.m */ = {isa = PBXFileReference; fileEncoding = 4; lastKnownFileType = sourcecode.c.objc; path = MessageListCell.m; sourceTree = "<group>"; };
		A5B9C3C91C9A06FC00C976D4 /* MessageListCell.xib */ = {isa = PBXFileReference; fileEncoding = 4; lastKnownFileType = file.xib; path = MessageListCell.xib; sourceTree = "<group>"; };
		A5B9C3CB1C9A079100C976D4 /* MessageListCellTests.m */ = {isa = PBXFileReference; fileEncoding = 4; lastKnownFileType = sourcecode.c.objc; path = MessageListCellTests.m; sourceTree = "<group>"; };
		A5B9C3D11C9B383200C976D4 /* InboxTableViewDataSource.h */ = {isa = PBXFileReference; fileEncoding = 4; lastKnownFileType = sourcecode.c.h; path = InboxTableViewDataSource.h; sourceTree = "<group>"; };
		A5B9C3D21C9B383200C976D4 /* InboxTableViewDataSource.m */ = {isa = PBXFileReference; fileEncoding = 4; lastKnownFileType = sourcecode.c.objc; path = InboxTableViewDataSource.m; sourceTree = "<group>"; };
		A5B9C3D41C9B384600C976D4 /* InboxTableViewDataSourceTests.m */ = {isa = PBXFileReference; fileEncoding = 4; lastKnownFileType = sourcecode.c.objc; path = InboxTableViewDataSourceTests.m; sourceTree = "<group>"; };
		A5B9C3D61C9B4C3C00C976D4 /* UITableViewCell+HelpersTests.m */ = {isa = PBXFileReference; fileEncoding = 4; lastKnownFileType = sourcecode.c.objc; path = "UITableViewCell+HelpersTests.m"; sourceTree = "<group>"; };
		A5B9C3D81C9B4C5700C976D4 /* UITableViewCell+Helpers.h */ = {isa = PBXFileReference; fileEncoding = 4; lastKnownFileType = sourcecode.c.h; path = "UITableViewCell+Helpers.h"; sourceTree = "<group>"; };
		A5B9C3D91C9B4C5700C976D4 /* UITableViewCell+Helpers.m */ = {isa = PBXFileReference; fileEncoding = 4; lastKnownFileType = sourcecode.c.objc; path = "UITableViewCell+Helpers.m"; sourceTree = "<group>"; };
		A5B9C3DB1C9B4CBA00C976D4 /* DummyCell.h */ = {isa = PBXFileReference; fileEncoding = 4; lastKnownFileType = sourcecode.c.h; path = DummyCell.h; sourceTree = "<group>"; };
		A5B9C3DC1C9B4CBA00C976D4 /* DummyCell.m */ = {isa = PBXFileReference; fileEncoding = 4; lastKnownFileType = sourcecode.c.objc; path = DummyCell.m; sourceTree = "<group>"; };
		A5B9C3DE1C9B4E3A00C976D4 /* DummyCell.xib */ = {isa = PBXFileReference; fileEncoding = 4; lastKnownFileType = file.xib; path = DummyCell.xib; sourceTree = "<group>"; };
		A5B9C3E01C9B538800C976D4 /* Message+MessageListCellDataSource.h */ = {isa = PBXFileReference; fileEncoding = 4; lastKnownFileType = sourcecode.c.h; path = "Message+MessageListCellDataSource.h"; sourceTree = "<group>"; };
		A5B9C3E11C9B538800C976D4 /* Message+MessageListCellDataSource.m */ = {isa = PBXFileReference; fileEncoding = 4; lastKnownFileType = sourcecode.c.objc; path = "Message+MessageListCellDataSource.m"; sourceTree = "<group>"; };
		A5B9C3E41C9BD6B200C976D4 /* Message+MessageListCellDataSourceTests.m */ = {isa = PBXFileReference; fileEncoding = 4; lastKnownFileType = sourcecode.c.objc; path = "Message+MessageListCellDataSourceTests.m"; sourceTree = "<group>"; };
		A5B9C3E61C9BD92D00C976D4 /* NSString+RemoveSubstring.h */ = {isa = PBXFileReference; fileEncoding = 4; lastKnownFileType = sourcecode.c.h; path = "NSString+RemoveSubstring.h"; sourceTree = "<group>"; };
		A5B9C3E71C9BD92D00C976D4 /* NSString+RemoveSubstring.m */ = {isa = PBXFileReference; fileEncoding = 4; lastKnownFileType = sourcecode.c.objc; path = "NSString+RemoveSubstring.m"; sourceTree = "<group>"; };
		A5B9C3E91C9BD95400C976D4 /* NSString+RemoveSubstringTests.m */ = {isa = PBXFileReference; fileEncoding = 4; lastKnownFileType = sourcecode.c.objc; path = "NSString+RemoveSubstringTests.m"; sourceTree = "<group>"; };
		A5B9C3EB1C9DC58200C976D4 /* NSDate+Helpers.h */ = {isa = PBXFileReference; fileEncoding = 4; lastKnownFileType = sourcecode.c.h; path = "NSDate+Helpers.h"; sourceTree = "<group>"; };
		A5B9C3EC1C9DC58200C976D4 /* NSDate+Helpers.m */ = {isa = PBXFileReference; fileEncoding = 4; lastKnownFileType = sourcecode.c.objc; path = "NSDate+Helpers.m"; sourceTree = "<group>"; };
		A5B9C3EE1C9DC5FB00C976D4 /* NSDateHelpersTests.m */ = {isa = PBXFileReference; fileEncoding = 4; lastKnownFileType = sourcecode.c.objc; path = NSDateHelpersTests.m; sourceTree = "<group>"; };
		A5B9C3F01C9DCAAA00C976D4 /* MessageTimeFormatter.h */ = {isa = PBXFileReference; fileEncoding = 4; lastKnownFileType = sourcecode.c.h; path = MessageTimeFormatter.h; sourceTree = "<group>"; };
		A5B9C3F11C9DCAAA00C976D4 /* MessageTimeFormatter.m */ = {isa = PBXFileReference; fileEncoding = 4; lastKnownFileType = sourcecode.c.objc; path = MessageTimeFormatter.m; sourceTree = "<group>"; };
		A5B9C3F31C9DCB9C00C976D4 /* MessageTimeFormatterTests.m */ = {isa = PBXFileReference; fileEncoding = 4; lastKnownFileType = sourcecode.c.objc; path = MessageTimeFormatterTests.m; sourceTree = "<group>"; };
		A5B9C3F61CA03FF300C976D4 /* DrawerVCTests.m */ = {isa = PBXFileReference; fileEncoding = 4; lastKnownFileType = sourcecode.c.objc; name = DrawerVCTests.m; path = ../InVisionMail/Controllers/DrawerVCTests.m; sourceTree = "<group>"; };
		A5B9C3F81CA040D100C976D4 /* DrawerVC.h */ = {isa = PBXFileReference; fileEncoding = 4; lastKnownFileType = sourcecode.c.h; path = DrawerVC.h; sourceTree = "<group>"; };
		A5B9C3F91CA040D100C976D4 /* DrawerVC.m */ = {isa = PBXFileReference; fileEncoding = 4; lastKnownFileType = sourcecode.c.objc; path = DrawerVC.m; sourceTree = "<group>"; };
		A5B9C3FB1CA0482000C976D4 /* MenuVC.h */ = {isa = PBXFileReference; fileEncoding = 4; lastKnownFileType = sourcecode.c.h; path = MenuVC.h; sourceTree = "<group>"; };
		A5B9C3FC1CA0482000C976D4 /* MenuVC.m */ = {isa = PBXFileReference; fileEncoding = 4; lastKnownFileType = sourcecode.c.objc; path = MenuVC.m; sourceTree = "<group>"; };
		A5D278A81CA5ABFB00205451 /* RoundedImageView.h */ = {isa = PBXFileReference; fileEncoding = 4; lastKnownFileType = sourcecode.c.h; path = RoundedImageView.h; sourceTree = "<group>"; };
		A5D278A91CA5ABFB00205451 /* RoundedImageView.m */ = {isa = PBXFileReference; fileEncoding = 4; lastKnownFileType = sourcecode.c.objc; path = RoundedImageView.m; sourceTree = "<group>"; };
		A5D278AB1CA5ACA900205451 /* RoundedView.h */ = {isa = PBXFileReference; fileEncoding = 4; lastKnownFileType = sourcecode.c.h; path = RoundedView.h; sourceTree = "<group>"; };
		A5D278AC1CA5ACA900205451 /* RoundedView.m */ = {isa = PBXFileReference; fileEncoding = 4; lastKnownFileType = sourcecode.c.objc; path = RoundedView.m; sourceTree = "<group>"; };
		A5D278AE1CA5B28900205451 /* TimestampLabel.h */ = {isa = PBXFileReference; fileEncoding = 4; lastKnownFileType = sourcecode.c.h; name = TimestampLabel.h; path = ../Views/TimestampLabel.h; sourceTree = "<group>"; };
		A5D278AF1CA5B28900205451 /* TimestampLabel.m */ = {isa = PBXFileReference; fileEncoding = 4; lastKnownFileType = sourcecode.c.objc; name = TimestampLabel.m; path = ../Views/TimestampLabel.m; sourceTree = "<group>"; };
		A5EBDFD51CA16E32009AEB4D /* UIViewController+Animations.h */ = {isa = PBXFileReference; fileEncoding = 4; lastKnownFileType = sourcecode.c.h; path = "UIViewController+Animations.h"; sourceTree = "<group>"; };
		A5EBDFD61CA16E32009AEB4D /* UIViewController+Animations.m */ = {isa = PBXFileReference; fileEncoding = 4; lastKnownFileType = sourcecode.c.objc; path = "UIViewController+Animations.m"; sourceTree = "<group>"; };
		A5EBDFD81CA18187009AEB4D /* TestTapGestureRecognizer.h */ = {isa = PBXFileReference; fileEncoding = 4; lastKnownFileType = sourcecode.c.h; path = TestTapGestureRecognizer.h; sourceTree = "<group>"; };
		A5EBDFD91CA18187009AEB4D /* TestTapGestureRecognizer.m */ = {isa = PBXFileReference; fileEncoding = 4; lastKnownFileType = sourcecode.c.objc; path = TestTapGestureRecognizer.m; sourceTree = "<group>"; };
		A5EBDFDB1CA18F46009AEB4D /* TestPanGestureRecognizer.h */ = {isa = PBXFileReference; fileEncoding = 4; lastKnownFileType = sourcecode.c.h; path = TestPanGestureRecognizer.h; sourceTree = "<group>"; };
		A5EBDFDC1CA18F46009AEB4D /* TestPanGestureRecognizer.m */ = {isa = PBXFileReference; fileEncoding = 4; lastKnownFileType = sourcecode.c.objc; path = TestPanGestureRecognizer.m; sourceTree = "<group>"; };
		A5EBDFDE1CA193A0009AEB4D /* UIGestureRecognizer+Cancel.h */ = {isa = PBXFileReference; fileEncoding = 4; lastKnownFileType = sourcecode.c.h; path = "UIGestureRecognizer+Cancel.h"; sourceTree = "<group>"; };
		A5EBDFDF1CA193A0009AEB4D /* UIGestureRecognizer+Cancel.m */ = {isa = PBXFileReference; fileEncoding = 4; lastKnownFileType = sourcecode.c.objc; path = "UIGestureRecognizer+Cancel.m"; sourceTree = "<group>"; };
		A5EBDFE11CA1B40B009AEB4D /* LabelTests.m */ = {isa = PBXFileReference; fileEncoding = 4; lastKnownFileType = sourcecode.c.objc; path = LabelTests.m; sourceTree = "<group>"; };
		A5EBDFE31CA1B48C009AEB4D /* Label.h */ = {isa = PBXFileReference; fileEncoding = 4; lastKnownFileType = sourcecode.c.h; path = Label.h; sourceTree = "<group>"; };
		A5EBDFE41CA1B48C009AEB4D /* Label.m */ = {isa = PBXFileReference; fileEncoding = 4; lastKnownFileType = sourcecode.c.objc; path = Label.m; sourceTree = "<group>"; };
		A5EBDFE81CA1BFB1009AEB4D /* MenuVCTests.m */ = {isa = PBXFileReference; fileEncoding = 4; lastKnownFileType = sourcecode.c.objc; path = MenuVCTests.m; sourceTree = "<group>"; };
		A5EBDFEA1CA1C215009AEB4D /* MenuTableViewDataSourceTests.m */ = {isa = PBXFileReference; fileEncoding = 4; lastKnownFileType = sourcecode.c.objc; path = MenuTableViewDataSourceTests.m; sourceTree = "<group>"; };
		A5EBDFEC1CA1C9A2009AEB4D /* TableViewDataSource.h */ = {isa = PBXFileReference; fileEncoding = 4; lastKnownFileType = sourcecode.c.h; path = TableViewDataSource.h; sourceTree = "<group>"; };
		A5EBDFED1CA1C9A2009AEB4D /* TableViewDataSource.m */ = {isa = PBXFileReference; fileEncoding = 4; lastKnownFileType = sourcecode.c.objc; path = TableViewDataSource.m; sourceTree = "<group>"; };
		A5EBDFEF1CA1EB5E009AEB4D /* MenuTableViewDatasource.h */ = {isa = PBXFileReference; fileEncoding = 4; lastKnownFileType = sourcecode.c.h; path = MenuTableViewDatasource.h; sourceTree = "<group>"; };
		A5EBDFF01CA1EB5E009AEB4D /* MenuTableViewDatasource.m */ = {isa = PBXFileReference; fileEncoding = 4; lastKnownFileType = sourcecode.c.objc; path = MenuTableViewDatasource.m; sourceTree = "<group>"; };
		A5EBDFF21CA1EBDF009AEB4D /* MenuCell.h */ = {isa = PBXFileReference; fileEncoding = 4; lastKnownFileType = sourcecode.c.h; path = MenuCell.h; sourceTree = "<group>"; };
		A5EBDFF31CA1EBDF009AEB4D /* MenuCell.m */ = {isa = PBXFileReference; fileEncoding = 4; lastKnownFileType = sourcecode.c.objc; path = MenuCell.m; sourceTree = "<group>"; };
		A5EBDFF51CA1EBE8009AEB4D /* MenuCell.xib */ = {isa = PBXFileReference; fileEncoding = 4; lastKnownFileType = file.xib; path = MenuCell.xib; sourceTree = "<group>"; };
		A5EBDFF71CA1EC0F009AEB4D /* MenuCellTests.m */ = {isa = PBXFileReference; fileEncoding = 4; lastKnownFileType = sourcecode.c.objc; path = MenuCellTests.m; sourceTree = "<group>"; };
		A5EBDFF91CA2A326009AEB4D /* InfoPlistTests.m */ = {isa = PBXFileReference; fileEncoding = 4; lastKnownFileType = sourcecode.c.objc; path = InfoPlistTests.m; sourceTree = "<group>"; };
		A5EBE0021CA2E3F5009AEB4D /* MainSplitVC.h */ = {isa = PBXFileReference; fileEncoding = 4; lastKnownFileType = sourcecode.c.h; path = MainSplitVC.h; sourceTree = "<group>"; };
		A5EBE0031CA2E3F5009AEB4D /* MainSplitVC.m */ = {isa = PBXFileReference; fileEncoding = 4; lastKnownFileType = sourcecode.c.objc; path = MainSplitVC.m; sourceTree = "<group>"; };
		A5EBE0061CA2E41B009AEB4D /* MainSplitVCTests.m */ = {isa = PBXFileReference; fileEncoding = 4; lastKnownFileType = sourcecode.c.objc; path = MainSplitVCTests.m; sourceTree = "<group>"; };
		A5EBE0081CA2E946009AEB4D /* MessageDetailVC.h */ = {isa = PBXFileReference; fileEncoding = 4; lastKnownFileType = sourcecode.c.h; path = MessageDetailVC.h; sourceTree = "<group>"; };
		A5EBE0091CA2E946009AEB4D /* MessageDetailVC.m */ = {isa = PBXFileReference; fileEncoding = 4; lastKnownFileType = sourcecode.c.objc; path = MessageDetailVC.m; sourceTree = "<group>"; };
		A5EBE00F1CA2EB88009AEB4D /* MessageDetailTableViewDataSource.h */ = {isa = PBXFileReference; fileEncoding = 4; lastKnownFileType = sourcecode.c.h; path = MessageDetailTableViewDataSource.h; sourceTree = "<group>"; };
		A5EBE0101CA2EB88009AEB4D /* MessageDetailTableViewDataSource.m */ = {isa = PBXFileReference; fileEncoding = 4; lastKnownFileType = sourcecode.c.objc; path = MessageDetailTableViewDataSource.m; sourceTree = "<group>"; };
		A5EBE0121CA2EC99009AEB4D /* MessageDetailTableViewDataSourceTests.m */ = {isa = PBXFileReference; fileEncoding = 4; lastKnownFileType = sourcecode.c.objc; path = MessageDetailTableViewDataSourceTests.m; sourceTree = "<group>"; };
		A5EBE0141CA2EDC5009AEB4D /* MessageDetailVCTests.m */ = {isa = PBXFileReference; fileEncoding = 4; lastKnownFileType = sourcecode.c.objc; path = MessageDetailVCTests.m; sourceTree = "<group>"; };
		A5EBE0161CA2EF84009AEB4D /* SubjectHeaderView.xib */ = {isa = PBXFileReference; fileEncoding = 4; lastKnownFileType = file.xib; path = SubjectHeaderView.xib; sourceTree = "<group>"; };
		A5EBE0181CA2EFDE009AEB4D /* SubjectHeaderView.h */ = {isa = PBXFileReference; fileEncoding = 4; lastKnownFileType = sourcecode.c.h; path = SubjectHeaderView.h; sourceTree = "<group>"; };
		A5EBE0191CA2EFDE009AEB4D /* SubjectHeaderView.m */ = {isa = PBXFileReference; fileEncoding = 4; lastKnownFileType = sourcecode.c.objc; path = SubjectHeaderView.m; sourceTree = "<group>"; };
		A5EBE01B1CA2EFFE009AEB4D /* SubjectHeaderViewTests.m */ = {isa = PBXFileReference; fileEncoding = 4; lastKnownFileType = sourcecode.c.objc; path = SubjectHeaderViewTests.m; sourceTree = "<group>"; };
		A5F2BC1F1CA438690021EC03 /* MessageDetailPreviewCell.h */ = {isa = PBXFileReference; fileEncoding = 4; lastKnownFileType = sourcecode.c.h; path = MessageDetailPreviewCell.h; sourceTree = "<group>"; };
		A5F2BC201CA438690021EC03 /* MessageDetailPreviewCell.m */ = {isa = PBXFileReference; fileEncoding = 4; lastKnownFileType = sourcecode.c.objc; path = MessageDetailPreviewCell.m; sourceTree = "<group>"; };
		A5F2BC211CA438690021EC03 /* MessageDetailPreviewCell.xib */ = {isa = PBXFileReference; fileEncoding = 4; lastKnownFileType = file.xib; path = MessageDetailPreviewCell.xib; sourceTree = "<group>"; };
		A5F2BC241CA4388E0021EC03 /* MessageDetailPreviewCellTests.m */ = {isa = PBXFileReference; fileEncoding = 4; lastKnownFileType = sourcecode.c.objc; path = MessageDetailPreviewCellTests.m; sourceTree = "<group>"; };
		A5F2BC261CA49CE00021EC03 /* InVisionMail-Bridging-Header.h */ = {isa = PBXFileReference; lastKnownFileType = sourcecode.c.h; path = "InVisionMail-Bridging-Header.h"; sourceTree = "<group>"; };
		A5F2BC311CA535C80021EC03 /* NSString+Base64URL.h */ = {isa = PBXFileReference; fileEncoding = 4; lastKnownFileType = sourcecode.c.h; path = "NSString+Base64URL.h"; sourceTree = "<group>"; };
		A5F2BC321CA535C80021EC03 /* NSString+Base64URL.m */ = {isa = PBXFileReference; fileEncoding = 4; lastKnownFileType = sourcecode.c.objc; path = "NSString+Base64URL.m"; sourceTree = "<group>"; };
		A5F2BC341CA538490021EC03 /* NSString+Base64URLTests.m */ = {isa = PBXFileReference; fileEncoding = 4; lastKnownFileType = sourcecode.c.objc; path = "NSString+Base64URLTests.m"; sourceTree = "<group>"; };
		A5F2BC361CA5838C0021EC03 /* Message+MessageDetailPreviewCellDataSource.h */ = {isa = PBXFileReference; fileEncoding = 4; lastKnownFileType = sourcecode.c.h; path = "Message+MessageDetailPreviewCellDataSource.h"; sourceTree = "<group>"; };
		A5F2BC371CA5838C0021EC03 /* Message+MessageDetailPreviewCellDataSource.m */ = {isa = PBXFileReference; fileEncoding = 4; lastKnownFileType = sourcecode.c.objc; path = "Message+MessageDetailPreviewCellDataSource.m"; sourceTree = "<group>"; };
		A5F2BC391CA583E80021EC03 /* Message+MessageDetailPreviewCellDataSourceTests.m */ = {isa = PBXFileReference; fileEncoding = 4; lastKnownFileType = sourcecode.c.objc; path = "Message+MessageDetailPreviewCellDataSourceTests.m"; sourceTree = "<group>"; };
		A5F2BC3D1CA5A3A00021EC03 /* UIFont+AppFonts.h */ = {isa = PBXFileReference; fileEncoding = 4; lastKnownFileType = sourcecode.c.h; path = "UIFont+AppFonts.h"; sourceTree = "<group>"; };
		A5F2BC3E1CA5A3A00021EC03 /* UIFont+AppFonts.m */ = {isa = PBXFileReference; fileEncoding = 4; lastKnownFileType = sourcecode.c.objc; path = "UIFont+AppFonts.m"; sourceTree = "<group>"; };
/* End PBXFileReference section */

/* Begin PBXFrameworksBuildPhase section */
		A5850BE71C94689C00527CD8 /* Frameworks */ = {
			isa = PBXFrameworksBuildPhase;
			buildActionMask = 2147483647;
			files = (
				A5B9C36B1C9496B300C976D4 /* SystemConfiguration.framework in Frameworks */,
				A5B9C3691C9496AD00C976D4 /* StoreKit.framework in Frameworks */,
				A5B9C3671C9496A700C976D4 /* SafariServices.framework in Frameworks */,
				A5B9C3651C9496A200C976D4 /* AddressBook.framework in Frameworks */,
				A5B9C3621C94967400C976D4 /* GoogleSignIn.framework in Frameworks */,
				A5850C2A1C94707700527CD8 /* AFNetworking.framework in Frameworks */,
			);
			runOnlyForDeploymentPostprocessing = 0;
		};
		A5850C001C94689C00527CD8 /* Frameworks */ = {
			isa = PBXFrameworksBuildPhase;
			buildActionMask = 2147483647;
			files = (
				A5B9C3BD1C99F04800C976D4 /* AddressBook.framework in Frameworks */,
				A5B9C3BE1C99F04800C976D4 /* GoogleSignIn.framework in Frameworks */,
				A5B9C3BF1C99F04800C976D4 /* AFNetworking.framework in Frameworks */,
				A5B9C3BB1C99F04800C976D4 /* StoreKit.framework in Frameworks */,
				A5B9C3BA1C99F04800C976D4 /* SystemConfiguration.framework in Frameworks */,
				A5B9C3BC1C99F04800C976D4 /* SafariServices.framework in Frameworks */,
				A590EBAB1C9585CF00CB28AF /* Kiwi.framework in Frameworks */,
			);
			runOnlyForDeploymentPostprocessing = 0;
		};
/* End PBXFrameworksBuildPhase section */

/* Begin PBXGroup section */
		A54746701CA6EE5B00FED4E8 /* SubjectHeaderView */ = {
			isa = PBXGroup;
			children = (
				A5EBE0161CA2EF84009AEB4D /* SubjectHeaderView.xib */,
				A5EBE0181CA2EFDE009AEB4D /* SubjectHeaderView.h */,
				A5EBE0191CA2EFDE009AEB4D /* SubjectHeaderView.m */,
			);
			name = SubjectHeaderView;
			sourceTree = "<group>";
		};
		A54746711CA6EE6600FED4E8 /* MessageListCell */ = {
			isa = PBXGroup;
			children = (
				A5B9C3C61C9A06EC00C976D4 /* MessageListCell.h */,
				A5B9C3C71C9A06EC00C976D4 /* MessageListCell.m */,
				A5B9C3C91C9A06FC00C976D4 /* MessageListCell.xib */,
			);
			name = MessageListCell;
			sourceTree = "<group>";
		};
		A54746721CA6EF3700FED4E8 /* TimestampLabel */ = {
			isa = PBXGroup;
			children = (
				A5D278AE1CA5B28900205451 /* TimestampLabel.h */,
				A5D278AF1CA5B28900205451 /* TimestampLabel.m */,
			);
			name = TimestampLabel;
			path = ../Appearance;
			sourceTree = "<group>";
		};
		A54746731CA6EFB000FED4E8 /* MenuCell */ = {
			isa = PBXGroup;
			children = (
				A5EBDFF21CA1EBDF009AEB4D /* MenuCell.h */,
				A5EBDFF31CA1EBDF009AEB4D /* MenuCell.m */,
				A5EBDFF51CA1EBE8009AEB4D /* MenuCell.xib */,
			);
			name = MenuCell;
			sourceTree = "<group>";
		};
		A54746741CA7011F00FED4E8 /* Message */ = {
			isa = PBXGroup;
			children = (
				A5B9C3E01C9B538800C976D4 /* Message+MessageListCellDataSource.h */,
				A5B9C3E11C9B538800C976D4 /* Message+MessageListCellDataSource.m */,
				A5F2BC361CA5838C0021EC03 /* Message+MessageDetailPreviewCellDataSource.h */,
				A5F2BC371CA5838C0021EC03 /* Message+MessageDetailPreviewCellDataSource.m */,
			);
			name = Message;
			sourceTree = "<group>";
		};
		A54746781CA7013300FED4E8 /* Label */ = {
			isa = PBXGroup;
			children = (
				A54746751CA7012E00FED4E8 /* Label+MenuCellDataSource.h */,
				A54746761CA7012E00FED4E8 /* Label+MenuCellDataSource.m */,
			);
			name = Label;
			sourceTree = "<group>";
		};
		A547467E1CA7034E00FED4E8 /* MenuSectionHeader */ = {
			isa = PBXGroup;
			children = (
				A54746791CA7021000FED4E8 /* MenuSectionHeader.h */,
				A547467A1CA7021000FED4E8 /* MenuSectionHeader.m */,
				A547467C1CA7021B00FED4E8 /* MenuSectionHeader.xib */,
			);
			name = MenuSectionHeader;
			sourceTree = "<group>";
		};
		A547467F1CA7308300FED4E8 /* MessageDetailPreviewCell */ = {
			isa = PBXGroup;
			children = (
				A5F2BC1F1CA438690021EC03 /* MessageDetailPreviewCell.h */,
				A5F2BC201CA438690021EC03 /* MessageDetailPreviewCell.m */,
				A5F2BC211CA438690021EC03 /* MessageDetailPreviewCell.xib */,
			);
			name = MessageDetailPreviewCell;
			sourceTree = "<group>";
		};
		A54746801CA7325C00FED4E8 /* StatusInfoView */ = {
			isa = PBXGroup;
			children = (
				A54746681CA6A71200FED4E8 /* StatusInfoView.h */,
				A54746691CA6A71200FED4E8 /* StatusInfoView.m */,
				A547466B1CA6A8E000FED4E8 /* StatusInfoView.xib */,
			);
			name = StatusInfoView;
			sourceTree = "<group>";
		};
		A5850BE11C94689C00527CD8 = {
			isa = PBXGroup;
			children = (
				A5850BEC1C94689C00527CD8 /* InVisionMail */,
				A5850C061C94689C00527CD8 /* InVisionMailTests */,
				A5850BEB1C94689C00527CD8 /* Products */,
			);
			sourceTree = "<group>";
		};
		A5850BEB1C94689C00527CD8 /* Products */ = {
			isa = PBXGroup;
			children = (
				A5850BEA1C94689C00527CD8 /* InVisionMail.app */,
				A5850C031C94689C00527CD8 /* InVisionMailTests.xctest */,
			);
			name = Products;
			sourceTree = "<group>";
		};
		A5850BEC1C94689C00527CD8 /* InVisionMail */ = {
			isa = PBXGroup;
			children = (
				A5850BF91C94689C00527CD8 /* Assets.xcassets */,
				A5F2BC3C1CA5A3930021EC03 /* Appearance */,
				A5B9C3A31C97429700C976D4 /* AppState */,
				A5B9C3701C95FD7800C976D4 /* Controllers */,
				A5B9C3711C95FD7800C976D4 /* Helpers */,
				A5B9C3721C95FD7800C976D4 /* Model */,
				A5B9C3731C95FD7800C976D4 /* Networking */,
				A5B9C3741C95FD7800C976D4 /* Services */,
				A5B9C3751C95FD7800C976D4 /* Views */,
				A5850BF61C94689C00527CD8 /* Main.storyboard */,
				A5850BFB1C94689C00527CD8 /* LaunchScreen.storyboard */,
				A5850BFE1C94689C00527CD8 /* Info.plist */,
				A5850BED1C94689C00527CD8 /* Supporting Files */,
				A5850C2D1C94713000527CD8 /* Frameworks */,
			);
			path = InVisionMail;
			sourceTree = "<group>";
		};
		A5850BED1C94689C00527CD8 /* Supporting Files */ = {
			isa = PBXGroup;
			children = (
				A5850BF01C94689C00527CD8 /* AppDelegate.h */,
				A5850BF11C94689C00527CD8 /* AppDelegate.m */,
				A5B9C3C21C99F87A00C976D4 /* TestingAppDelegate.h */,
				A5B9C3C31C99F87A00C976D4 /* TestingAppDelegate.m */,
				A590EBA61C95847600CB28AF /* cartfile */,
				A5850BEE1C94689C00527CD8 /* main.m */,
			);
			name = "Supporting Files";
			sourceTree = "<group>";
		};
		A5850C061C94689C00527CD8 /* InVisionMailTests */ = {
			isa = PBXGroup;
			children = (
				A5B9C3A11C973F0600C976D4 /* AppStateTests.m */,
				A5B9C3C51C9A05C300C976D4 /* View */,
				A5B9C3991C961F9100C976D4 /* Mocks */,
				A5B9C3961C961C0C00C976D4 /* Helpers */,
				A5B9C3851C96124100C976D4 /* Model */,
				A5B9C37F1C96091500C976D4 /* Controllers */,
				A5B9C3AE1C97569C00C976D4 /* Netwroking */,
				A5B9C3761C95FEC900C976D4 /* Services */,
				A5850C091C94689C00527CD8 /* Info.plist */,
				A5850C2E1C9471BF00527CD8 /* InVisionMailTests-Bridging-Header.h */,
				A590EBA81C9585C700CB28AF /* Kiwi.framework */,
				A5EBDFF91CA2A326009AEB4D /* InfoPlistTests.m */,
			);
			path = InVisionMailTests;
			sourceTree = "<group>";
		};
		A5850C2D1C94713000527CD8 /* Frameworks */ = {
			isa = PBXGroup;
			children = (
				A5B9C36A1C9496B300C976D4 /* SystemConfiguration.framework */,
				A5B9C3681C9496AD00C976D4 /* StoreKit.framework */,
				A5B9C3661C9496A700C976D4 /* SafariServices.framework */,
				A5B9C3641C9496A200C976D4 /* AddressBook.framework */,
				A5B9C3561C9494DF00C976D4 /* GoogleService-Info.plist */,
				A5B9C3571C9494DF00C976D4 /* GoogleSignIn.bundle */,
				A5B9C3531C9494C000C976D4 /* GoogleSignIn.framework */,
				A5850C251C94707700527CD8 /* AFNetworking.framework */,
			);
			name = Frameworks;
			sourceTree = "<group>";
		};
		A5B9C3701C95FD7800C976D4 /* Controllers */ = {
			isa = PBXGroup;
			children = (
				A5B9C3C11C99F6F400C976D4 /* Segues.h */,
				A5EBDFEC1CA1C9A2009AEB4D /* TableViewDataSource.h */,
				A5EBDFED1CA1C9A2009AEB4D /* TableViewDataSource.m */,
				A5B9C3F51CA03EA300C976D4 /* SignIn */,
				A5EBDFE61CA1BCD0009AEB4D /* Drawer */,
				A5EBDFE71CA1BCD7009AEB4D /* Menu */,
				A5B9C3D01C9B380600C976D4 /* Inbox */,
				A5EBE0051CA2E401009AEB4D /* MainSplitVC */,
				A5EBE00B1CA2E94B009AEB4D /* Message detail */,
			);
			path = Controllers;
			sourceTree = "<group>";
		};
		A5B9C3711C95FD7800C976D4 /* Helpers */ = {
			isa = PBXGroup;
			children = (
				A5B9C3931C961B5E00C976D4 /* NSManagedObject+Helpers.h */,
				A5B9C3941C961B5E00C976D4 /* NSManagedObject+Helpers.m */,
				A5B9C3D81C9B4C5700C976D4 /* UITableViewCell+Helpers.h */,
				A5B9C3D91C9B4C5700C976D4 /* UITableViewCell+Helpers.m */,
				A5B9C3E61C9BD92D00C976D4 /* NSString+RemoveSubstring.h */,
				A5B9C3E71C9BD92D00C976D4 /* NSString+RemoveSubstring.m */,
				A5B9C3EB1C9DC58200C976D4 /* NSDate+Helpers.h */,
				A5B9C3EC1C9DC58200C976D4 /* NSDate+Helpers.m */,
				A5B9C3F01C9DCAAA00C976D4 /* MessageTimeFormatter.h */,
				A5B9C3F11C9DCAAA00C976D4 /* MessageTimeFormatter.m */,
				A5EBDFD51CA16E32009AEB4D /* UIViewController+Animations.h */,
				A5EBDFD61CA16E32009AEB4D /* UIViewController+Animations.m */,
				A5EBDFDE1CA193A0009AEB4D /* UIGestureRecognizer+Cancel.h */,
				A5EBDFDF1CA193A0009AEB4D /* UIGestureRecognizer+Cancel.m */,
				A5F2BC261CA49CE00021EC03 /* InVisionMail-Bridging-Header.h */,
				A5F2BC311CA535C80021EC03 /* NSString+Base64URL.h */,
				A5F2BC321CA535C80021EC03 /* NSString+Base64URL.m */,
			);
			path = Helpers;
			sourceTree = "<group>";
		};
		A5B9C3721C95FD7800C976D4 /* Model */ = {
			isa = PBXGroup;
			children = (
				A5B9C37C1C96033100C976D4 /* InVisionMail.xcdatamodeld */,
				A5B9C3911C9617C900C976D4 /* JSONLoadable.h */,
				A5B9C3881C96164400C976D4 /* Message.h */,
				A5B9C3891C96164400C976D4 /* Message.m */,
				A5EBDFE31CA1B48C009AEB4D /* Label.h */,
				A5EBDFE41CA1B48C009AEB4D /* Label.m */,
				A5B9C3E31C9B53AD00C976D4 /* ViewModels (pseudo) */,
			);
			path = Model;
			sourceTree = "<group>";
		};
		A5B9C3731C95FD7800C976D4 /* Networking */ = {
			isa = PBXGroup;
			children = (
				A5B9C3AD1C974FDC00C976D4 /* GmailAPISpecification.h */,
				A5B9C36D1C94B97300C976D4 /* APICommunicator.h */,
				A5B9C36E1C94B97300C976D4 /* APICommunicator.m */,
				A5B9C3AA1C974DE800C976D4 /* NetworkCommunicator.h */,
				A5B9C3AB1C974DE800C976D4 /* NetworkCommunicator.m */,
			);
			path = Networking;
			sourceTree = "<group>";
		};
		A5B9C3741C95FD7800C976D4 /* Services */ = {
			isa = PBXGroup;
			children = (
				A5B9C3791C95FF5400C976D4 /* CoreDataStack.h */,
				A5B9C37A1C95FF5400C976D4 /* CoreDataStack.m */,
			);
			path = Services;
			sourceTree = "<group>";
		};
		A5B9C3751C95FD7800C976D4 /* Views */ = {
			isa = PBXGroup;
			children = (
				A54746721CA6EF3700FED4E8 /* TimestampLabel */,
				A54746711CA6EE6600FED4E8 /* MessageListCell */,
				A54746701CA6EE5B00FED4E8 /* SubjectHeaderView */,
				A54746731CA6EFB000FED4E8 /* MenuCell */,
				A547467F1CA7308300FED4E8 /* MessageDetailPreviewCell */,
				A54746801CA7325C00FED4E8 /* StatusInfoView */,
				A547467E1CA7034E00FED4E8 /* MenuSectionHeader */,
			);
			path = Views;
			sourceTree = "<group>";
		};
		A5B9C3761C95FEC900C976D4 /* Services */ = {
			isa = PBXGroup;
			children = (
				A5B9C3771C95FEEF00C976D4 /* CoreDataStackTests.m */,
			);
			name = Services;
			sourceTree = "<group>";
		};
		A5B9C37F1C96091500C976D4 /* Controllers */ = {
			isa = PBXGroup;
			children = (
				A5B9C3801C960D0D00C976D4 /* InboxVCTests.m */,
				A5B9C3B51C99EEA300C976D4 /* SignInVCTests.m */,
				A5B9C3D41C9B384600C976D4 /* InboxTableViewDataSourceTests.m */,
				A5B9C3F61CA03FF300C976D4 /* DrawerVCTests.m */,
				A5EBDFE81CA1BFB1009AEB4D /* MenuVCTests.m */,
				A5EBDFEA1CA1C215009AEB4D /* MenuTableViewDataSourceTests.m */,
				A5EBE0061CA2E41B009AEB4D /* MainSplitVCTests.m */,
				A5EBE0121CA2EC99009AEB4D /* MessageDetailTableViewDataSourceTests.m */,
				A5EBE0141CA2EDC5009AEB4D /* MessageDetailVCTests.m */,
			);
			name = Controllers;
			sourceTree = "<group>";
		};
		A5B9C3851C96124100C976D4 /* Model */ = {
			isa = PBXGroup;
			children = (
				A5B9C3861C96125700C976D4 /* MessageTests.m */,
				A5B9C3E41C9BD6B200C976D4 /* Message+MessageListCellDataSourceTests.m */,
				A5EBDFE11CA1B40B009AEB4D /* LabelTests.m */,
				A5F2BC391CA583E80021EC03 /* Message+MessageDetailPreviewCellDataSourceTests.m */,
			);
			name = Model;
			sourceTree = "<group>";
		};
		A5B9C3961C961C0C00C976D4 /* Helpers */ = {
			isa = PBXGroup;
			children = (
				A5B9C3971C961C2D00C976D4 /* CoreDataHelpersTests.m */,
				A5B9C3D61C9B4C3C00C976D4 /* UITableViewCell+HelpersTests.m */,
				A5B9C3E91C9BD95400C976D4 /* NSString+RemoveSubstringTests.m */,
				A5B9C3EE1C9DC5FB00C976D4 /* NSDateHelpersTests.m */,
				A5B9C3F31C9DCB9C00C976D4 /* MessageTimeFormatterTests.m */,
				A5F2BC341CA538490021EC03 /* NSString+Base64URLTests.m */,
			);
			name = Helpers;
			sourceTree = "<group>";
		};
		A5B9C3991C961F9100C976D4 /* Mocks */ = {
			isa = PBXGroup;
			children = (
				A5B9C39A1C961FD400C976D4 /* TestCoreDataStack.h */,
				A5B9C39B1C961FD400C976D4 /* TestCoreDataStack.m */,
				A5B9C3DB1C9B4CBA00C976D4 /* DummyCell.h */,
				A5B9C3DC1C9B4CBA00C976D4 /* DummyCell.m */,
				A5B9C3DE1C9B4E3A00C976D4 /* DummyCell.xib */,
				A5EBDFD81CA18187009AEB4D /* TestTapGestureRecognizer.h */,
				A5EBDFD91CA18187009AEB4D /* TestTapGestureRecognizer.m */,
				A5EBDFDB1CA18F46009AEB4D /* TestPanGestureRecognizer.h */,
				A5EBDFDC1CA18F46009AEB4D /* TestPanGestureRecognizer.m */,
			);
			name = Mocks;
			sourceTree = "<group>";
		};
		A5B9C3A31C97429700C976D4 /* AppState */ = {
			isa = PBXGroup;
			children = (
				A5B9C3A41C9742A900C976D4 /* AppState.h */,
				A5B9C3A51C9742A900C976D4 /* AppState.m */,
				A5B9C3A71C9742E100C976D4 /* AccessTokenProvider.h */,
				A5B9C3A81C9742E100C976D4 /* AccessTokenProvider.m */,
			);
			path = AppState;
			sourceTree = "<group>";
		};
		A5B9C3AE1C97569C00C976D4 /* Netwroking */ = {
			isa = PBXGroup;
			children = (
				A5B9C3AF1C9756B000C976D4 /* NetworkCommunicatorTests.m */,
				A5B9C3B11C9759AD00C976D4 /* APICommunicatorTests.m */,
			);
			name = Netwroking;
			sourceTree = "<group>";
		};
		A5B9C3C51C9A05C300C976D4 /* View */ = {
			isa = PBXGroup;
			children = (
				A5B9C3CB1C9A079100C976D4 /* MessageListCellTests.m */,
				A5EBDFF71CA1EC0F009AEB4D /* MenuCellTests.m */,
				A5EBE01B1CA2EFFE009AEB4D /* SubjectHeaderViewTests.m */,
				A5F2BC241CA4388E0021EC03 /* MessageDetailPreviewCellTests.m */,
			);
			name = View;
			sourceTree = "<group>";
		};
		A5B9C3D01C9B380600C976D4 /* Inbox */ = {
			isa = PBXGroup;
			children = (
				A5B9C3821C960E0400C976D4 /* InboxVC.h */,
				A5B9C3831C960E0400C976D4 /* InboxVC.m */,
				A5B9C3D11C9B383200C976D4 /* InboxTableViewDataSource.h */,
				A5B9C3D21C9B383200C976D4 /* InboxTableViewDataSource.m */,
			);
			name = Inbox;
			sourceTree = "<group>";
		};
		A5B9C3E31C9B53AD00C976D4 /* ViewModels (pseudo) */ = {
			isa = PBXGroup;
			children = (
				A54746741CA7011F00FED4E8 /* Message */,
				A54746781CA7013300FED4E8 /* Label */,
			);
			name = "ViewModels (pseudo)";
			sourceTree = "<group>";
		};
		A5B9C3F51CA03EA300C976D4 /* SignIn */ = {
			isa = PBXGroup;
			children = (
				A5850BF31C94689C00527CD8 /* SignInVC.h */,
				A5850BF41C94689C00527CD8 /* SignInVC.m */,
			);
			name = SignIn;
			sourceTree = "<group>";
		};
		A5EBDFE61CA1BCD0009AEB4D /* Drawer */ = {
			isa = PBXGroup;
			children = (
				A5B9C3F81CA040D100C976D4 /* DrawerVC.h */,
				A5B9C3F91CA040D100C976D4 /* DrawerVC.m */,
			);
			name = Drawer;
			sourceTree = "<group>";
		};
		A5EBDFE71CA1BCD7009AEB4D /* Menu */ = {
			isa = PBXGroup;
			children = (
				A5B9C3FB1CA0482000C976D4 /* MenuVC.h */,
				A5B9C3FC1CA0482000C976D4 /* MenuVC.m */,
				A5EBDFEF1CA1EB5E009AEB4D /* MenuTableViewDatasource.h */,
				A5EBDFF01CA1EB5E009AEB4D /* MenuTableViewDatasource.m */,
			);
			name = Menu;
			sourceTree = "<group>";
		};
		A5EBE0051CA2E401009AEB4D /* MainSplitVC */ = {
			isa = PBXGroup;
			children = (
				A5EBE0021CA2E3F5009AEB4D /* MainSplitVC.h */,
				A5EBE0031CA2E3F5009AEB4D /* MainSplitVC.m */,
			);
			name = MainSplitVC;
			sourceTree = "<group>";
		};
		A5EBE00B1CA2E94B009AEB4D /* Message detail */ = {
			isa = PBXGroup;
			children = (
				A5EBE0081CA2E946009AEB4D /* MessageDetailVC.h */,
				A5EBE0091CA2E946009AEB4D /* MessageDetailVC.m */,
				A5EBE00F1CA2EB88009AEB4D /* MessageDetailTableViewDataSource.h */,
				A5EBE0101CA2EB88009AEB4D /* MessageDetailTableViewDataSource.m */,
			);
			name = "Message detail";
			sourceTree = "<group>";
		};
		A5F2BC3C1CA5A3930021EC03 /* Appearance */ = {
			isa = PBXGroup;
			children = (
				A5F2BC3D1CA5A3A00021EC03 /* UIFont+AppFonts.h */,
				A5F2BC3E1CA5A3A00021EC03 /* UIFont+AppFonts.m */,
				A54746651CA6992400FED4E8 /* UIColor+AppColors.h */,
				A54746661CA6992400FED4E8 /* UIColor+AppColors.m */,
				A5D278A81CA5ABFB00205451 /* RoundedImageView.h */,
				A5D278A91CA5ABFB00205451 /* RoundedImageView.m */,
				A5D278AB1CA5ACA900205451 /* RoundedView.h */,
				A5D278AC1CA5ACA900205451 /* RoundedView.m */,
				A547466D1CA6D9F800FED4E8 /* LabelWithLoading.h */,
				A547466E1CA6D9F800FED4E8 /* LabelWithLoading.m */,
			);
			path = Appearance;
			sourceTree = "<group>";
		};
/* End PBXGroup section */

/* Begin PBXNativeTarget section */
		A5850BE91C94689C00527CD8 /* InVisionMail */ = {
			isa = PBXNativeTarget;
			buildConfigurationList = A5850C0C1C94689C00527CD8 /* Build configuration list for PBXNativeTarget "InVisionMail" */;
			buildPhases = (
				A5850BE61C94689C00527CD8 /* Sources */,
				A5850BE71C94689C00527CD8 /* Frameworks */,
				A5850BE81C94689C00527CD8 /* Resources */,
				A5850C2C1C94707700527CD8 /* Embed Frameworks */,
				A590EBAC1C9585E100CB28AF /* CopyFiles */,
			);
			buildRules = (
			);
			dependencies = (
			);
			name = InVisionMail;
			productName = InVisionMail;
			productReference = A5850BEA1C94689C00527CD8 /* InVisionMail.app */;
			productType = "com.apple.product-type.application";
		};
		A5850C021C94689C00527CD8 /* InVisionMailTests */ = {
			isa = PBXNativeTarget;
			buildConfigurationList = A5850C0F1C94689C00527CD8 /* Build configuration list for PBXNativeTarget "InVisionMailTests" */;
			buildPhases = (
				A5850BFF1C94689C00527CD8 /* Sources */,
				A5850C001C94689C00527CD8 /* Frameworks */,
				A5850C011C94689C00527CD8 /* Resources */,
				A5850C181C946FB000527CD8 /* CopyFiles */,
			);
			buildRules = (
			);
			dependencies = (
				A5850C051C94689C00527CD8 /* PBXTargetDependency */,
			);
			name = InVisionMailTests;
			productName = InVisionMailTests;
			productReference = A5850C031C94689C00527CD8 /* InVisionMailTests.xctest */;
			productType = "com.apple.product-type.bundle.unit-test";
		};
/* End PBXNativeTarget section */

/* Begin PBXProject section */
		A5850BE21C94689C00527CD8 /* Project object */ = {
			isa = PBXProject;
			attributes = {
				LastUpgradeCheck = 0720;
				ORGANIZATIONNAME = "Vojta Stavik";
				TargetAttributes = {
					A5850BE91C94689C00527CD8 = {
						CreatedOnToolsVersion = 7.2.1;
						DevelopmentTeam = X53G3KMVA6;
					};
					A5850C021C94689C00527CD8 = {
						CreatedOnToolsVersion = 7.2.1;
						TestTargetID = A5850BE91C94689C00527CD8;
					};
				};
			};
			buildConfigurationList = A5850BE51C94689C00527CD8 /* Build configuration list for PBXProject "InVisionMail" */;
			compatibilityVersion = "Xcode 3.2";
			developmentRegion = English;
			hasScannedForEncodings = 0;
			knownRegions = (
				en,
				Base,
			);
			mainGroup = A5850BE11C94689C00527CD8;
			productRefGroup = A5850BEB1C94689C00527CD8 /* Products */;
			projectDirPath = "";
			projectRoot = "";
			targets = (
				A5850BE91C94689C00527CD8 /* InVisionMail */,
				A5850C021C94689C00527CD8 /* InVisionMailTests */,
			);
		};
/* End PBXProject section */

/* Begin PBXResourcesBuildPhase section */
		A5850BE81C94689C00527CD8 /* Resources */ = {
			isa = PBXResourcesBuildPhase;
			buildActionMask = 2147483647;
			files = (
				A5B9C3631C94967D00C976D4 /* GoogleSignIn.bundle in Resources */,
				A547467D1CA7021B00FED4E8 /* MenuSectionHeader.xib in Resources */,
				A5F2BC231CA438690021EC03 /* MessageDetailPreviewCell.xib in Resources */,
				A5850BFD1C94689C00527CD8 /* LaunchScreen.storyboard in Resources */,
				A5EBDFF61CA1EBE8009AEB4D /* MenuCell.xib in Resources */,
				A590EBA71C95847600CB28AF /* cartfile in Resources */,
				A5B9C36C1C94976100C976D4 /* GoogleService-Info.plist in Resources */,
				A5B9C3CA1C9A06FC00C976D4 /* MessageListCell.xib in Resources */,
				A547466C1CA6A8E000FED4E8 /* StatusInfoView.xib in Resources */,
				A5850BFA1C94689C00527CD8 /* Assets.xcassets in Resources */,
				A5EBE0171CA2EF84009AEB4D /* SubjectHeaderView.xib in Resources */,
				A5850BF81C94689C00527CD8 /* Main.storyboard in Resources */,
			);
			runOnlyForDeploymentPostprocessing = 0;
		};
		A5850C011C94689C00527CD8 /* Resources */ = {
			isa = PBXResourcesBuildPhase;
			buildActionMask = 2147483647;
			files = (
				A5B9C3C01C99F04C00C976D4 /* GoogleSignIn.bundle in Resources */,
				A5B9C3B91C99EF6600C976D4 /* GoogleService-Info.plist in Resources */,
				A5B9C3DF1C9B4E3A00C976D4 /* DummyCell.xib in Resources */,
			);
			runOnlyForDeploymentPostprocessing = 0;
		};
/* End PBXResourcesBuildPhase section */

/* Begin PBXSourcesBuildPhase section */
		A5850BE61C94689C00527CD8 /* Sources */ = {
			isa = PBXSourcesBuildPhase;
			buildActionMask = 2147483647;
			files = (
				A5B9C3C41C99F87A00C976D4 /* TestingAppDelegate.m in Sources */,
				A5B9C3FD1CA0482000C976D4 /* MenuVC.m in Sources */,
				A54746771CA7012E00FED4E8 /* Label+MenuCellDataSource.m in Sources */,
				A5EBE01A1CA2EFDE009AEB4D /* SubjectHeaderView.m in Sources */,
				A5B9C3E81C9BD92D00C976D4 /* NSString+RemoveSubstring.m in Sources */,
				A5B9C3E21C9B538800C976D4 /* Message+MessageListCellDataSource.m in Sources */,
				A5B9C3ED1C9DC58200C976D4 /* NSDate+Helpers.m in Sources */,
				A5B9C3C81C9A06EC00C976D4 /* MessageListCell.m in Sources */,
				A5F2BC3F1CA5A3A00021EC03 /* UIFont+AppFonts.m in Sources */,
				A5D278AA1CA5ABFB00205451 /* RoundedImageView.m in Sources */,
				A5F2BC381CA5838D0021EC03 /* Message+MessageDetailPreviewCellDataSource.m in Sources */,
				A5EBDFD71CA16E32009AEB4D /* UIViewController+Animations.m in Sources */,
				A5B9C37B1C95FF5400C976D4 /* CoreDataStack.m in Sources */,
				A5B9C3DA1C9B4C5700C976D4 /* UITableViewCell+Helpers.m in Sources */,
				A5B9C38A1C96164400C976D4 /* Message.m in Sources */,
				A547466A1CA6A71200FED4E8 /* StatusInfoView.m in Sources */,
				A5D278B01CA5B28900205451 /* TimestampLabel.m in Sources */,
				A547467B1CA7021000FED4E8 /* MenuSectionHeader.m in Sources */,
				A5B9C3A91C9742E100C976D4 /* AccessTokenProvider.m in Sources */,
				A5850BF51C94689C00527CD8 /* SignInVC.m in Sources */,
				A5F2BC331CA535C80021EC03 /* NSString+Base64URL.m in Sources */,
				A5EBDFEE1CA1C9A2009AEB4D /* TableViewDataSource.m in Sources */,
				A5850BF21C94689C00527CD8 /* AppDelegate.m in Sources */,
				A5EBDFE51CA1B48C009AEB4D /* Label.m in Sources */,
				A5F2BC221CA438690021EC03 /* MessageDetailPreviewCell.m in Sources */,
				A5B9C3951C961B5E00C976D4 /* NSManagedObject+Helpers.m in Sources */,
				A5B9C37E1C96033100C976D4 /* InVisionMail.xcdatamodeld in Sources */,
				A5850BEF1C94689C00527CD8 /* main.m in Sources */,
				A54746671CA6992400FED4E8 /* UIColor+AppColors.m in Sources */,
				A5B9C3A61C9742A900C976D4 /* AppState.m in Sources */,
				A5EBE00A1CA2E946009AEB4D /* MessageDetailVC.m in Sources */,
				A5EBDFF11CA1EB5E009AEB4D /* MenuTableViewDatasource.m in Sources */,
				A5EBE0111CA2EB88009AEB4D /* MessageDetailTableViewDataSource.m in Sources */,
				A5B9C3841C960E0400C976D4 /* InboxVC.m in Sources */,
				A5B9C36F1C94B97300C976D4 /* APICommunicator.m in Sources */,
				A5EBDFF41CA1EBDF009AEB4D /* MenuCell.m in Sources */,
				A5EBE0041CA2E3F5009AEB4D /* MainSplitVC.m in Sources */,
				A5D278AD1CA5ACA900205451 /* RoundedView.m in Sources */,
				A5B9C3AC1C974DE800C976D4 /* NetworkCommunicator.m in Sources */,
				A5B9C3FA1CA040D100C976D4 /* DrawerVC.m in Sources */,
				A5EBDFE01CA193A0009AEB4D /* UIGestureRecognizer+Cancel.m in Sources */,
				A547466F1CA6D9F800FED4E8 /* LabelWithLoading.m in Sources */,
				A5B9C3D31C9B383200C976D4 /* InboxTableViewDataSource.m in Sources */,
				A5B9C3F21C9DCAAA00C976D4 /* MessageTimeFormatter.m in Sources */,
			);
			runOnlyForDeploymentPostprocessing = 0;
		};
		A5850BFF1C94689C00527CD8 /* Sources */ = {
			isa = PBXSourcesBuildPhase;
			buildActionMask = 2147483647;
			files = (
				A5B9C3B61C99EEA300C976D4 /* SignInVCTests.m in Sources */,
				A5B9C3871C96125700C976D4 /* MessageTests.m in Sources */,
				A5B9C3DD1C9B4CBA00C976D4 /* DummyCell.m in Sources */,
				A5B9C3781C95FEEF00C976D4 /* CoreDataStackTests.m in Sources */,
				A5EBDFDA1CA18187009AEB4D /* TestTapGestureRecognizer.m in Sources */,
				A5B9C3EF1C9DC5FB00C976D4 /* NSDateHelpersTests.m in Sources */,
				A5EBE0071CA2E41B009AEB4D /* MainSplitVCTests.m in Sources */,
				A5F2BC251CA4388E0021EC03 /* MessageDetailPreviewCellTests.m in Sources */,
				A5EBE0131CA2EC99009AEB4D /* MessageDetailTableViewDataSourceTests.m in Sources */,
				A5B9C3EA1C9BD95400C976D4 /* NSString+RemoveSubstringTests.m in Sources */,
				A5F2BC351CA538490021EC03 /* NSString+Base64URLTests.m in Sources */,
				A5EBE0151CA2EDC5009AEB4D /* MessageDetailVCTests.m in Sources */,
				A5B9C3D71C9B4C3C00C976D4 /* UITableViewCell+HelpersTests.m in Sources */,
				A5B9C3F71CA03FF300C976D4 /* DrawerVCTests.m in Sources */,
				A5B9C3D51C9B384600C976D4 /* InboxTableViewDataSourceTests.m in Sources */,
				A5EBDFFA1CA2A326009AEB4D /* InfoPlistTests.m in Sources */,
				A5EBDFF81CA1EC0F009AEB4D /* MenuCellTests.m in Sources */,
				A5B9C3B01C9756B000C976D4 /* NetworkCommunicatorTests.m in Sources */,
				A5EBDFDD1CA18F46009AEB4D /* TestPanGestureRecognizer.m in Sources */,
				A5B9C39C1C961FD400C976D4 /* TestCoreDataStack.m in Sources */,
				A5F2BC3A1CA583E90021EC03 /* Message+MessageDetailPreviewCellDataSourceTests.m in Sources */,
				A5B9C3A21C973F0600C976D4 /* AppStateTests.m in Sources */,
				A5B9C3981C961C2D00C976D4 /* CoreDataHelpersTests.m in Sources */,
				A5EBDFE91CA1BFB1009AEB4D /* MenuVCTests.m in Sources */,
				A5B9C3E51C9BD6B200C976D4 /* Message+MessageListCellDataSourceTests.m in Sources */,
				A5EBE01C1CA2EFFE009AEB4D /* SubjectHeaderViewTests.m in Sources */,
				A5B9C3811C960D0D00C976D4 /* InboxVCTests.m in Sources */,
				A5B9C3F41C9DCB9C00C976D4 /* MessageTimeFormatterTests.m in Sources */,
				A5B9C3B21C9759AD00C976D4 /* APICommunicatorTests.m in Sources */,
				A5EBDFEB1CA1C215009AEB4D /* MenuTableViewDataSourceTests.m in Sources */,
				A5EBDFE21CA1B40B009AEB4D /* LabelTests.m in Sources */,
				A5B9C3CC1C9A079100C976D4 /* MessageListCellTests.m in Sources */,
			);
			runOnlyForDeploymentPostprocessing = 0;
		};
/* End PBXSourcesBuildPhase section */

/* Begin PBXTargetDependency section */
		A5850C051C94689C00527CD8 /* PBXTargetDependency */ = {
			isa = PBXTargetDependency;
			target = A5850BE91C94689C00527CD8 /* InVisionMail */;
			targetProxy = A5850C041C94689C00527CD8 /* PBXContainerItemProxy */;
		};
/* End PBXTargetDependency section */

/* Begin PBXVariantGroup section */
		A5850BF61C94689C00527CD8 /* Main.storyboard */ = {
			isa = PBXVariantGroup;
			children = (
				A5850BF71C94689C00527CD8 /* Base */,
			);
			name = Main.storyboard;
			sourceTree = "<group>";
		};
		A5850BFB1C94689C00527CD8 /* LaunchScreen.storyboard */ = {
			isa = PBXVariantGroup;
			children = (
				A5850BFC1C94689C00527CD8 /* Base */,
			);
			name = LaunchScreen.storyboard;
			sourceTree = "<group>";
		};
/* End PBXVariantGroup section */

/* Begin XCBuildConfiguration section */
		A5850C0A1C94689C00527CD8 /* Debug */ = {
			isa = XCBuildConfiguration;
			buildSettings = {
				ALWAYS_SEARCH_USER_PATHS = NO;
				CLANG_CXX_LANGUAGE_STANDARD = "gnu++0x";
				CLANG_CXX_LIBRARY = "libc++";
				CLANG_ENABLE_MODULES = YES;
				CLANG_ENABLE_OBJC_ARC = YES;
				CLANG_WARN_BOOL_CONVERSION = YES;
				CLANG_WARN_CONSTANT_CONVERSION = YES;
				CLANG_WARN_DIRECT_OBJC_ISA_USAGE = YES_ERROR;
				CLANG_WARN_EMPTY_BODY = YES;
				CLANG_WARN_ENUM_CONVERSION = YES;
				CLANG_WARN_INT_CONVERSION = YES;
				CLANG_WARN_OBJC_ROOT_CLASS = YES_ERROR;
				CLANG_WARN_UNREACHABLE_CODE = YES;
				CLANG_WARN__DUPLICATE_METHOD_MATCH = YES;
				"CODE_SIGN_IDENTITY[sdk=iphoneos*]" = "iPhone Developer";
				COPY_PHASE_STRIP = NO;
				DEBUG_INFORMATION_FORMAT = dwarf;
				ENABLE_STRICT_OBJC_MSGSEND = YES;
				ENABLE_TESTABILITY = YES;
				GCC_C_LANGUAGE_STANDARD = gnu99;
				GCC_DYNAMIC_NO_PIC = NO;
				GCC_NO_COMMON_BLOCKS = YES;
				GCC_OPTIMIZATION_LEVEL = 0;
				GCC_PREPROCESSOR_DEFINITIONS = (
					"DEBUG=1",
					"$(inherited)",
				);
				GCC_WARN_64_TO_32_BIT_CONVERSION = YES;
				GCC_WARN_ABOUT_RETURN_TYPE = YES_ERROR;
				GCC_WARN_UNDECLARED_SELECTOR = YES;
				GCC_WARN_UNINITIALIZED_AUTOS = YES_AGGRESSIVE;
				GCC_WARN_UNUSED_FUNCTION = YES;
				GCC_WARN_UNUSED_VARIABLE = YES;
				IPHONEOS_DEPLOYMENT_TARGET = 8.0;
				MTL_ENABLE_DEBUG_INFO = YES;
				ONLY_ACTIVE_ARCH = YES;
				OTHER_LDFLAGS = (
					"$(OTHER_LDFLAGS)",
					"-ObjC",
					"$(OTHER_LDFLAGS)",
					"-lz",
				);
				SDKROOT = iphoneos;
				TARGETED_DEVICE_FAMILY = "1,2";
			};
			name = Debug;
		};
		A5850C0B1C94689C00527CD8 /* Release */ = {
			isa = XCBuildConfiguration;
			buildSettings = {
				ALWAYS_SEARCH_USER_PATHS = NO;
				CLANG_CXX_LANGUAGE_STANDARD = "gnu++0x";
				CLANG_CXX_LIBRARY = "libc++";
				CLANG_ENABLE_MODULES = YES;
				CLANG_ENABLE_OBJC_ARC = YES;
				CLANG_WARN_BOOL_CONVERSION = YES;
				CLANG_WARN_CONSTANT_CONVERSION = YES;
				CLANG_WARN_DIRECT_OBJC_ISA_USAGE = YES_ERROR;
				CLANG_WARN_EMPTY_BODY = YES;
				CLANG_WARN_ENUM_CONVERSION = YES;
				CLANG_WARN_INT_CONVERSION = YES;
				CLANG_WARN_OBJC_ROOT_CLASS = YES_ERROR;
				CLANG_WARN_UNREACHABLE_CODE = YES;
				CLANG_WARN__DUPLICATE_METHOD_MATCH = YES;
				"CODE_SIGN_IDENTITY[sdk=iphoneos*]" = "iPhone Developer";
				COPY_PHASE_STRIP = NO;
				DEBUG_INFORMATION_FORMAT = "dwarf-with-dsym";
				ENABLE_NS_ASSERTIONS = NO;
				ENABLE_STRICT_OBJC_MSGSEND = YES;
				GCC_C_LANGUAGE_STANDARD = gnu99;
				GCC_NO_COMMON_BLOCKS = YES;
				GCC_WARN_64_TO_32_BIT_CONVERSION = YES;
				GCC_WARN_ABOUT_RETURN_TYPE = YES_ERROR;
				GCC_WARN_UNDECLARED_SELECTOR = YES;
				GCC_WARN_UNINITIALIZED_AUTOS = YES_AGGRESSIVE;
				GCC_WARN_UNUSED_FUNCTION = YES;
				GCC_WARN_UNUSED_VARIABLE = YES;
				IPHONEOS_DEPLOYMENT_TARGET = 8.0;
				MTL_ENABLE_DEBUG_INFO = NO;
				OTHER_LDFLAGS = (
					"$(OTHER_LDFLAGS)",
					"-ObjC",
					"$(OTHER_LDFLAGS)",
					"-lz",
				);
				SDKROOT = iphoneos;
				TARGETED_DEVICE_FAMILY = "1,2";
				VALIDATE_PRODUCT = YES;
			};
			name = Release;
		};
		A5850C0D1C94689C00527CD8 /* Debug */ = {
			isa = XCBuildConfiguration;
			buildSettings = {
				ASSETCATALOG_COMPILER_APPICON_NAME = AppIcon;
				CLANG_ENABLE_MODULES = YES;
				CODE_SIGN_IDENTITY = "iPhone Developer";
				"CODE_SIGN_IDENTITY[sdk=iphoneos*]" = "iPhone Developer";
				FRAMEWORK_SEARCH_PATHS = (
					"$(inherited)",
					"$(PROJECT_DIR)/Carthage/Build/iOS",
					"$(PROJECT_DIR)/InVisionMail",
				);
				INFOPLIST_FILE = InVisionMail/Info.plist;
				IPHONEOS_DEPLOYMENT_TARGET = 8.0;
				LD_RUNPATH_SEARCH_PATHS = "$(inherited) @executable_path/Frameworks";
				PRODUCT_BUNDLE_IDENTIFIER = com.vojtastavik.InVisionMail;
				PRODUCT_NAME = "$(TARGET_NAME)";
				PROVISIONING_PROFILE = "";
				SWIFT_OBJC_BRIDGING_HEADER = "InVisionMail/Helpers/InVisionMail-Bridging-Header.h";
				SWIFT_OPTIMIZATION_LEVEL = "-Onone";
				WARNING_CFLAGS = "";
			};
			name = Debug;
		};
		A5850C0E1C94689C00527CD8 /* Release */ = {
			isa = XCBuildConfiguration;
			buildSettings = {
				ASSETCATALOG_COMPILER_APPICON_NAME = AppIcon;
				CLANG_ENABLE_MODULES = YES;
				CODE_SIGN_IDENTITY = "iPhone Developer";
				"CODE_SIGN_IDENTITY[sdk=iphoneos*]" = "iPhone Developer";
				FRAMEWORK_SEARCH_PATHS = (
					"$(inherited)",
					"$(PROJECT_DIR)/Carthage/Build/iOS",
					"$(PROJECT_DIR)/InVisionMail",
				);
				INFOPLIST_FILE = InVisionMail/Info.plist;
				IPHONEOS_DEPLOYMENT_TARGET = 8.0;
				LD_RUNPATH_SEARCH_PATHS = "$(inherited) @executable_path/Frameworks";
				PRODUCT_BUNDLE_IDENTIFIER = com.vojtastavik.InVisionMail;
				PRODUCT_NAME = "$(TARGET_NAME)";
				PROVISIONING_PROFILE = "";
				SWIFT_OBJC_BRIDGING_HEADER = "InVisionMail/Helpers/InVisionMail-Bridging-Header.h";
				WARNING_CFLAGS = "";
			};
			name = Release;
		};
		A5850C101C94689C00527CD8 /* Debug */ = {
			isa = XCBuildConfiguration;
			buildSettings = {
				BUNDLE_LOADER = "$(TEST_HOST)";
				CLANG_ENABLE_MODULES = YES;
				FRAMEWORK_SEARCH_PATHS = (
					"$(inherited)",
					"$(PROJECT_DIR)/Carthage/Build/iOS",
					"$(PROJECT_DIR)/InVisionMail",
				);
				INFOPLIST_FILE = InVisionMailTests/Info.plist;
				LD_RUNPATH_SEARCH_PATHS = "$(inherited) @executable_path/Frameworks @loader_path/Frameworks";
				PRODUCT_BUNDLE_IDENTIFIER = com.vojtastavik.InVisionMailTests;
				PRODUCT_NAME = "$(TARGET_NAME)";
				SWIFT_OBJC_BRIDGING_HEADER = "InVisionMailTests/InVisionMailTests-Bridging-Header.h";
				SWIFT_OPTIMIZATION_LEVEL = "-Onone";
				TEST_HOST = "$(BUILT_PRODUCTS_DIR)/InVisionMail.app/InVisionMail";
			};
			name = Debug;
		};
		A5850C111C94689C00527CD8 /* Release */ = {
			isa = XCBuildConfiguration;
			buildSettings = {
				BUNDLE_LOADER = "$(TEST_HOST)";
				CLANG_ENABLE_MODULES = YES;
				FRAMEWORK_SEARCH_PATHS = (
					"$(inherited)",
					"$(PROJECT_DIR)/Carthage/Build/iOS",
					"$(PROJECT_DIR)/InVisionMail",
				);
				INFOPLIST_FILE = InVisionMailTests/Info.plist;
				LD_RUNPATH_SEARCH_PATHS = "$(inherited) @executable_path/Frameworks @loader_path/Frameworks";
				PRODUCT_BUNDLE_IDENTIFIER = com.vojtastavik.InVisionMailTests;
				PRODUCT_NAME = "$(TARGET_NAME)";
				SWIFT_OBJC_BRIDGING_HEADER = "InVisionMailTests/InVisionMailTests-Bridging-Header.h";
				TEST_HOST = "$(BUILT_PRODUCTS_DIR)/InVisionMail.app/InVisionMail";
			};
			name = Release;
		};
/* End XCBuildConfiguration section */

/* Begin XCConfigurationList section */
		A5850BE51C94689C00527CD8 /* Build configuration list for PBXProject "InVisionMail" */ = {
			isa = XCConfigurationList;
			buildConfigurations = (
				A5850C0A1C94689C00527CD8 /* Debug */,
				A5850C0B1C94689C00527CD8 /* Release */,
			);
			defaultConfigurationIsVisible = 0;
			defaultConfigurationName = Release;
		};
		A5850C0C1C94689C00527CD8 /* Build configuration list for PBXNativeTarget "InVisionMail" */ = {
			isa = XCConfigurationList;
			buildConfigurations = (
				A5850C0D1C94689C00527CD8 /* Debug */,
				A5850C0E1C94689C00527CD8 /* Release */,
			);
			defaultConfigurationIsVisible = 0;
			defaultConfigurationName = Release;
		};
		A5850C0F1C94689C00527CD8 /* Build configuration list for PBXNativeTarget "InVisionMailTests" */ = {
			isa = XCConfigurationList;
			buildConfigurations = (
				A5850C101C94689C00527CD8 /* Debug */,
				A5850C111C94689C00527CD8 /* Release */,
			);
			defaultConfigurationIsVisible = 0;
			defaultConfigurationName = Release;
		};
/* End XCConfigurationList section */

/* Begin XCVersionGroup section */
		A5B9C37C1C96033100C976D4 /* InVisionMail.xcdatamodeld */ = {
			isa = XCVersionGroup;
			children = (
				A5B9C37D1C96033100C976D4 /* InVisionMail.xcdatamodel */,
			);
			currentVersion = A5B9C37D1C96033100C976D4 /* InVisionMail.xcdatamodel */;
			path = InVisionMail.xcdatamodeld;
			sourceTree = "<group>";
			versionGroupType = wrapper.xcdatamodel;
		};
/* End XCVersionGroup section */
	};
	rootObject = A5850BE21C94689C00527CD8 /* Project object */;
}
